
Microsoft Visual Studio Solution File, Format Version 12.00
# Visual Studio Version 17
VisualStudioVersion = 17.7.34031.279
MinimumVisualStudioVersion = 10.0.40219.1
Project("{888888A0-9F3D-457C-B088-3A5042F75D52}") = "Bai003", "Bai003\Bai003.pyproj", "{4500B225-880E-4FBD-A245-CB4D77E67AC1}"
EndProject
Project("{888888A0-9F3D-457C-B088-3A5042F75D52}") = "Bai009", "Bai009\Bai009.pyproj", "{8B13847A-AA23-48FD-AE8C-69CC9C0A5E6B}"
EndProject
Project("{888888A0-9F3D-457C-B088-3A5042F75D52}") = "Bai015", "Bai015\Bai015.pyproj", "{27B30458-8D61-4530-8F90-D1F27EB53A62}"
EndProject
Project("{888888A0-9F3D-457C-B088-3A5042F75D52}") = "Bai021", "Bai021\Bai021.pyproj", "{B30141D1-4F68-4780-898B-A289B8F88DA6}"
EndProject
Project("{888888A0-9F3D-457C-B088-3A5042F75D52}") = "Bai027", "Bai027\Bai027.pyproj", "{E9603AFD-47F8-4910-94F8-9B003DC4CDB7}"
EndProject
Project("{888888A0-9F3D-457C-B088-3A5042F75D52}") = "Bai033", "Bai033\Bai033.pyproj", "{D6CB6682-8EC0-4236-9390-33C347F3127D}"
EndProject
Project("{888888A0-9F3D-457C-B088-3A5042F75D52}") = "Bai039", "Bai039\Bai039.pyproj", "{DA602F32-61C6-4888-BCD9-A914CFA8FDC3}"
EndProject
Project("{888888A0-9F3D-457C-B088-3A5042F75D52}") = "Bai045", "Bai045\Bai045.pyproj", "{9BFFED9F-C00A-46BB-B5F9-F174C1A1D0B6}"
EndProject
Project("{888888A0-9F3D-457C-B088-3A5042F75D52}") = "Bai051", "Bai051\Bai051.pyproj", "{1592ED8B-5BB0-42C6-BAEE-99A4401C9B5D}"
EndProject
Project("{888888A0-9F3D-457C-B088-3A5042F75D52}") = "Bai057", "Bai057\Bai057.pyproj", "{21A1844C-7E2D-4A47-A651-85C8F93DDB8C}"
EndProject
Project("{888888A0-9F3D-457C-B088-3A5042F75D52}") = "Bai063", "Bai063\Bai063.pyproj", "{4E937709-2B13-4361-8F92-E5F69C515A0C}"
EndProject
Project("{888888A0-9F3D-457C-B088-3A5042F75D52}") = "Bai069", "Bai069\Bai069.pyproj", "{C782CE4D-500D-4C7B-93C9-784F0498AA68}"
EndProject
Project("{888888A0-9F3D-457C-B088-3A5042F75D52}") = "Bai075", "Bai075\Bai075.pyproj", "{BA14A16D-3EB9-4287-A53C-0D2B2029A2A8}"
EndProject
Project("{888888A0-9F3D-457C-B088-3A5042F75D52}") = "Bai081", "Bai081\Bai081.pyproj", "{AD666838-2D9E-4897-ACC3-CDC5A107B78D}"
EndProject
Project("{888888A0-9F3D-457C-B088-3A5042F75D52}") = "Bai087", "Bai087\Bai087.pyproj", "{9F2FF789-E8C1-46BB-849D-40F775C01A6A}"
EndProject
Project("{888888A0-9F3D-457C-B088-3A5042F75D52}") = "Bai093", "Bai093\Bai093.pyproj", "{6BE8C37A-8975-45BE-BBE8-882E335E0892}"
EndProject
Project("{888888A0-9F3D-457C-B088-3A5042F75D52}") = "Bai099", "Bai099\Bai099.pyproj", "{02FCAAA9-0D2D-4ED4-B95D-BB196B67B808}"
EndProject
Project("{888888A0-9F3D-457C-B088-3A5042F75D52}") = "Bai105", "Bai105\Bai105.pyproj", "{797F7BE7-BF28-4A01-B668-E0B1ED9DC427}"
EndProject
Project("{888888A0-9F3D-457C-B088-3A5042F75D52}") = "Bai111", "Bai111\Bai111.pyproj", "{F84CED59-F47A-4AFE-BE46-76146E7FFE0A}"
EndProject
Project("{888888A0-9F3D-457C-B088-3A5042F75D52}") = "Bai117", "Bai117\Bai117.pyproj", "{E9220507-B715-4CD5-9E73-9699AD16EB4B}"
EndProject
Project("{888888A0-9F3D-457C-B088-3A5042F75D52}") = "Bai123", "Bai123\Bai123.pyproj", "{E6420EE7-7F3E-4059-ABE0-AC5432A344FD}"
EndProject
Project("{888888A0-9F3D-457C-B088-3A5042F75D52}") = "Bai129", "Bai129\Bai129.pyproj", "{24C2D4FB-2D4D-46DB-9D49-2F4C80ADD2EC}"
EndProject
Project("{888888A0-9F3D-457C-B088-3A5042F75D52}") = "Bai135", "Bai135\Bai135.pyproj", "{AADC5F7A-0883-481F-A033-7232F8A5BEC1}"
EndProject
Project("{888888A0-9F3D-457C-B088-3A5042F75D52}") = "Bai141", "Bai141\Bai141.pyproj", "{4AAF61B0-2815-4071-BA97-B7AE26CEB5B3}"
EndProject
Project("{888888A0-9F3D-457C-B088-3A5042F75D52}") = "Bai147", "Bai147\Bai147.pyproj", "{FE96C58B-78D5-4E79-BAE3-F249AC9F8508}"
EndProject
Project("{888888A0-9F3D-457C-B088-3A5042F75D52}") = "Bai153", "Bai153\Bai153.pyproj", "{F20427FF-7CC8-439A-89FF-6E9CB7675283}"
EndProject
Project("{888888A0-9F3D-457C-B088-3A5042F75D52}") = "Bai159", "Bai159\Bai159.pyproj", "{299427CC-E050-444F-B235-853E4DD5A7A9}"
EndProject
Project("{888888A0-9F3D-457C-B088-3A5042F75D52}") = "Bai165", "Bai165\Bai165.pyproj", "{8F2FF245-EA94-4416-9175-C7BD24843933}"
EndProject
Global
	GlobalSection(SolutionConfigurationPlatforms) = preSolution
		Debug|Any CPU = Debug|Any CPU
		Release|Any CPU = Release|Any CPU
	EndGlobalSection
	GlobalSection(ProjectConfigurationPlatforms) = postSolution
		{4500B225-880E-4FBD-A245-CB4D77E67AC1}.Debug|Any CPU.ActiveCfg = Debug|Any CPU
		{4500B225-880E-4FBD-A245-CB4D77E67AC1}.Release|Any CPU.ActiveCfg = Release|Any CPU
		{8B13847A-AA23-48FD-AE8C-69CC9C0A5E6B}.Debug|Any CPU.ActiveCfg = Debug|Any CPU
		{8B13847A-AA23-48FD-AE8C-69CC9C0A5E6B}.Release|Any CPU.ActiveCfg = Release|Any CPU
		{27B30458-8D61-4530-8F90-D1F27EB53A62}.Debug|Any CPU.ActiveCfg = Debug|Any CPU
		{27B30458-8D61-4530-8F90-D1F27EB53A62}.Release|Any CPU.ActiveCfg = Release|Any CPU
		{B30141D1-4F68-4780-898B-A289B8F88DA6}.Debug|Any CPU.ActiveCfg = Debug|Any CPU
		{B30141D1-4F68-4780-898B-A289B8F88DA6}.Release|Any CPU.ActiveCfg = Release|Any CPU
		{E9603AFD-47F8-4910-94F8-9B003DC4CDB7}.Debug|Any CPU.ActiveCfg = Debug|Any CPU
		{E9603AFD-47F8-4910-94F8-9B003DC4CDB7}.Release|Any CPU.ActiveCfg = Release|Any CPU
		{D6CB6682-8EC0-4236-9390-33C347F3127D}.Debug|Any CPU.ActiveCfg = Debug|Any CPU
		{D6CB6682-8EC0-4236-9390-33C347F3127D}.Release|Any CPU.ActiveCfg = Release|Any CPU
		{DA602F32-61C6-4888-BCD9-A914CFA8FDC3}.Debug|Any CPU.ActiveCfg = Debug|Any CPU
		{DA602F32-61C6-4888-BCD9-A914CFA8FDC3}.Release|Any CPU.ActiveCfg = Release|Any CPU
		{9BFFED9F-C00A-46BB-B5F9-F174C1A1D0B6}.Debug|Any CPU.ActiveCfg = Debug|Any CPU
		{9BFFED9F-C00A-46BB-B5F9-F174C1A1D0B6}.Release|Any CPU.ActiveCfg = Release|Any CPU
		{1592ED8B-5BB0-42C6-BAEE-99A4401C9B5D}.Debug|Any CPU.ActiveCfg = Debug|Any CPU
		{1592ED8B-5BB0-42C6-BAEE-99A4401C9B5D}.Release|Any CPU.ActiveCfg = Release|Any CPU
		{21A1844C-7E2D-4A47-A651-85C8F93DDB8C}.Debug|Any CPU.ActiveCfg = Debug|Any CPU
		{21A1844C-7E2D-4A47-A651-85C8F93DDB8C}.Release|Any CPU.ActiveCfg = Release|Any CPU
		{4E937709-2B13-4361-8F92-E5F69C515A0C}.Debug|Any CPU.ActiveCfg = Debug|Any CPU
		{4E937709-2B13-4361-8F92-E5F69C515A0C}.Release|Any CPU.ActiveCfg = Release|Any CPU
		{C782CE4D-500D-4C7B-93C9-784F0498AA68}.Debug|Any CPU.ActiveCfg = Debug|Any CPU
		{C782CE4D-500D-4C7B-93C9-784F0498AA68}.Release|Any CPU.ActiveCfg = Release|Any CPU
		{BA14A16D-3EB9-4287-A53C-0D2B2029A2A8}.Debug|Any CPU.ActiveCfg = Debug|Any CPU
		{BA14A16D-3EB9-4287-A53C-0D2B2029A2A8}.Release|Any CPU.ActiveCfg = Release|Any CPU
		{AD666838-2D9E-4897-ACC3-CDC5A107B78D}.Debug|Any CPU.ActiveCfg = Debug|Any CPU
		{AD666838-2D9E-4897-ACC3-CDC5A107B78D}.Release|Any CPU.ActiveCfg = Release|Any CPU
		{9F2FF789-E8C1-46BB-849D-40F775C01A6A}.Debug|Any CPU.ActiveCfg = Debug|Any CPU
		{9F2FF789-E8C1-46BB-849D-40F775C01A6A}.Release|Any CPU.ActiveCfg = Release|Any CPU
		{6BE8C37A-8975-45BE-BBE8-882E335E0892}.Debug|Any CPU.ActiveCfg = Debug|Any CPU
		{6BE8C37A-8975-45BE-BBE8-882E335E0892}.Release|Any CPU.ActiveCfg = Release|Any CPU
		{02FCAAA9-0D2D-4ED4-B95D-BB196B67B808}.Debug|Any CPU.ActiveCfg = Debug|Any CPU
		{02FCAAA9-0D2D-4ED4-B95D-BB196B67B808}.Release|Any CPU.ActiveCfg = Release|Any CPU
		{797F7BE7-BF28-4A01-B668-E0B1ED9DC427}.Debug|Any CPU.ActiveCfg = Debug|Any CPU
		{797F7BE7-BF28-4A01-B668-E0B1ED9DC427}.Release|Any CPU.ActiveCfg = Release|Any CPU
		{F84CED59-F47A-4AFE-BE46-76146E7FFE0A}.Debug|Any CPU.ActiveCfg = Debug|Any CPU
		{F84CED59-F47A-4AFE-BE46-76146E7FFE0A}.Release|Any CPU.ActiveCfg = Release|Any CPU
		{E9220507-B715-4CD5-9E73-9699AD16EB4B}.Debug|Any CPU.ActiveCfg = Debug|Any CPU
		{E9220507-B715-4CD5-9E73-9699AD16EB4B}.Release|Any CPU.ActiveCfg = Release|Any CPU
		{E6420EE7-7F3E-4059-ABE0-AC5432A344FD}.Debug|Any CPU.ActiveCfg = Debug|Any CPU
		{E6420EE7-7F3E-4059-ABE0-AC5432A344FD}.Release|Any CPU.ActiveCfg = Release|Any CPU
		{24C2D4FB-2D4D-46DB-9D49-2F4C80ADD2EC}.Debug|Any CPU.ActiveCfg = Debug|Any CPU
		{24C2D4FB-2D4D-46DB-9D49-2F4C80ADD2EC}.Release|Any CPU.ActiveCfg = Release|Any CPU
		{AADC5F7A-0883-481F-A033-7232F8A5BEC1}.Debug|Any CPU.ActiveCfg = Debug|Any CPU
		{AADC5F7A-0883-481F-A033-7232F8A5BEC1}.Release|Any CPU.ActiveCfg = Release|Any CPU
		{4AAF61B0-2815-4071-BA97-B7AE26CEB5B3}.Debug|Any CPU.ActiveCfg = Debug|Any CPU
		{4AAF61B0-2815-4071-BA97-B7AE26CEB5B3}.Release|Any CPU.ActiveCfg = Release|Any CPU
		{FE96C58B-78D5-4E79-BAE3-F249AC9F8508}.Debug|Any CPU.ActiveCfg = Debug|Any CPU
		{FE96C58B-78D5-4E79-BAE3-F249AC9F8508}.Release|Any CPU.ActiveCfg = Release|Any CPU
		{F20427FF-7CC8-439A-89FF-6E9CB7675283}.Debug|Any CPU.ActiveCfg = Debug|Any CPU
		{F20427FF-7CC8-439A-89FF-6E9CB7675283}.Release|Any CPU.ActiveCfg = Release|Any CPU
		{299427CC-E050-444F-B235-853E4DD5A7A9}.Debug|Any CPU.ActiveCfg = Debug|Any CPU
		{299427CC-E050-444F-B235-853E4DD5A7A9}.Release|Any CPU.ActiveCfg = Release|Any CPU
		{8F2FF245-EA94-4416-9175-C7BD24843933}.Debug|Any CPU.ActiveCfg = Debug|Any CPU
		{8F2FF245-EA94-4416-9175-C7BD24843933}.Release|Any CPU.ActiveCfg = Release|Any CPU
	EndGlobalSection
	GlobalSection(SolutionProperties) = preSolution
		HideSolutionNode = FALSE
	EndGlobalSection
	GlobalSection(ExtensibilityGlobals) = postSolution
		SolutionGuid = {A36B6086-16C3-4494-B60D-0F4CAA8B1D49}
	EndGlobalSection
EndGlobal
