
Microsoft Visual Studio Solution File, Format Version 12.00
# Visual Studio Version 17
VisualStudioVersion = 17.7.34031.279
MinimumVisualStudioVersion = 10.0.40219.1
Project("{888888A0-9F3D-457C-B088-3A5042F75D52}") = "Bai001", "Bai001\Bai001.pyproj", "{8AD1FECA-1D3F-4854-A171-B3FD5ED0DDA3}"
EndProject
Project("{888888A0-9F3D-457C-B088-3A5042F75D52}") = "Bai007", "Bai007\Bai007.pyproj", "{D3DB06D4-3DFB-4572-969E-9AB48CC8E9CE}"
EndProject
Project("{888888A0-9F3D-457C-B088-3A5042F75D52}") = "Bai013", "Bai013\Bai013.pyproj", "{8D033853-8F89-4EEE-A7B2-82D79A286158}"
EndProject
Project("{888888A0-9F3D-457C-B088-3A5042F75D52}") = "Bai019", "Bai019\Bai019.pyproj", "{40A60FFC-510B-4055-B60C-3B2F4BCACD65}"
EndProject
Project("{888888A0-9F3D-457C-B088-3A5042F75D52}") = "Bai025", "Bai025\Bai025.pyproj", "{01475D24-B02C-4841-9B14-52714F59CDC5}"
EndProject
Project("{888888A0-9F3D-457C-B088-3A5042F75D52}") = "Bai031", "Bai031\Bai031.pyproj", "{4A417B30-78FB-40B4-BA37-10E74F12FB66}"
EndProject
Project("{888888A0-9F3D-457C-B088-3A5042F75D52}") = "Bai037", "Bai037\Bai037.pyproj", "{F03FBA3E-2C22-44BE-8E82-54B5E62E7A02}"
EndProject
Project("{888888A0-9F3D-457C-B088-3A5042F75D52}") = "Bai043", "Bai043\Bai043.pyproj", "{D1C05167-9FA0-4943-A2C5-AD7F956ADCC7}"
EndProject
Project("{888888A0-9F3D-457C-B088-3A5042F75D52}") = "Bai049", "Bai049\Bai049.pyproj", "{227302A9-EC54-4245-B5FE-0F03613AB594}"
EndProject
Project("{888888A0-9F3D-457C-B088-3A5042F75D52}") = "Bai055", "Bai055\Bai055.pyproj", "{BB66C38C-B5AF-40B5-8D38-526F862AC7E8}"
EndProject
Project("{888888A0-9F3D-457C-B088-3A5042F75D52}") = "Bai061", "Bai061\Bai061.pyproj", "{286130B8-E4CC-4FC7-A0E1-45DAB79F8977}"
EndProject
Project("{888888A0-9F3D-457C-B088-3A5042F75D52}") = "Bai067", "Bai067\Bai067.pyproj", "{930F169D-B6BD-4985-A63E-509083DBB5F5}"
EndProject
Project("{888888A0-9F3D-457C-B088-3A5042F75D52}") = "Bai073", "Bai073\Bai073.pyproj", "{69AB0207-B79A-4302-9863-F174FD4F23B4}"
EndProject
Project("{888888A0-9F3D-457C-B088-3A5042F75D52}") = "Bai079", "Bai079\Bai079.pyproj", "{D2A6AA27-9BB2-4E98-953C-CCD0F61CF3B0}"
EndProject
Project("{888888A0-9F3D-457C-B088-3A5042F75D52}") = "Bai085", "Bai085\Bai085.pyproj", "{BBF6A769-2AC6-4982-A99D-B8848A6219F4}"
EndProject
Project("{888888A0-9F3D-457C-B088-3A5042F75D52}") = "Bai091", "Bai091\Bai091.pyproj", "{44F87F96-BCED-4588-8FD2-345A4878852E}"
EndProject
Project("{888888A0-9F3D-457C-B088-3A5042F75D52}") = "Bai097", "Bai097\Bai097.pyproj", "{370E4E91-6E04-4FE8-9213-A40582FC1DF4}"
EndProject
Project("{888888A0-9F3D-457C-B088-3A5042F75D52}") = "Bai103", "Bai103\Bai103.pyproj", "{B58C7D95-DF09-4083-90AA-7C48B5645A11}"
EndProject
Project("{888888A0-9F3D-457C-B088-3A5042F75D52}") = "Bai109", "Bai109\Bai109.pyproj", "{CDB63D20-88D5-41DA-B399-E6AD3C825D86}"
EndProject
Project("{888888A0-9F3D-457C-B088-3A5042F75D52}") = "Bai115", "Bai115\Bai115.pyproj", "{0592ED57-7375-426E-82C6-82763A9FB346}"
EndProject
Project("{888888A0-9F3D-457C-B088-3A5042F75D52}") = "Bai121", "Bai121\Bai121.pyproj", "{305CC086-1226-4461-B037-BD4674248FA9}"
EndProject
Project("{888888A0-9F3D-457C-B088-3A5042F75D52}") = "Bai127", "Bai127\Bai127.pyproj", "{5B3472F8-7D97-4335-84F0-72B595D42FA0}"
EndProject
Project("{888888A0-9F3D-457C-B088-3A5042F75D52}") = "Bai133", "Bai133\Bai133.pyproj", "{1C2FAA16-93D4-4B26-9F8B-009E9289921F}"
EndProject
Project("{888888A0-9F3D-457C-B088-3A5042F75D52}") = "Bai139", "Bai139\Bai139.pyproj", "{01CFA09D-F9B8-40EA-A183-973DE8F13C18}"
EndProject
Project("{888888A0-9F3D-457C-B088-3A5042F75D52}") = "Bai145", "Bai145\Bai145.pyproj", "{04B5CADE-2EAA-464F-BB0B-DC563FBF59A2}"
EndProject
Project("{888888A0-9F3D-457C-B088-3A5042F75D52}") = "Bai151", "Bai151\Bai151.pyproj", "{90349489-F2B8-4194-983E-A5ABA5D0FFA6}"
EndProject
Project("{888888A0-9F3D-457C-B088-3A5042F75D52}") = "Bai157", "Bai157\Bai157.pyproj", "{044B02DF-FFCB-4EA2-84FC-0E18A7722FB1}"
EndProject
Project("{888888A0-9F3D-457C-B088-3A5042F75D52}") = "Bai163", "Bai163\Bai163.pyproj", "{748B5D48-BFD9-4346-BDF6-1749EF1E1A7D}"
EndProject
Project("{888888A0-9F3D-457C-B088-3A5042F75D52}") = "Bai003", "Bai003\Bai003.pyproj", "{D731D2AC-122E-41E1-8621-1A21DECA2A44}"
EndProject
Project("{888888A0-9F3D-457C-B088-3A5042F75D52}") = "Bai009", "Bai009\Bai009.pyproj", "{7F66FEC9-32B7-464D-8430-7DC433E55224}"
EndProject
Project("{888888A0-9F3D-457C-B088-3A5042F75D52}") = "Bai015", "Bai015\Bai015.pyproj", "{201DB03F-4C63-4ADA-972E-F3CCC7226FA0}"
EndProject
Project("{888888A0-9F3D-457C-B088-3A5042F75D52}") = "Bai021", "Bai021\Bai021.pyproj", "{526A2D56-4AD5-4E5E-A1CB-83BBC3C2362E}"
EndProject
Project("{888888A0-9F3D-457C-B088-3A5042F75D52}") = "Bai027", "Bai027\Bai027.pyproj", "{8D7385BA-B3F6-439D-BD23-12F4773AFD76}"
EndProject
Project("{888888A0-9F3D-457C-B088-3A5042F75D52}") = "Bai033", "Bai033\Bai033.pyproj", "{204ED6F0-FA74-4E5E-853F-CE6B4E9C5422}"
EndProject
Project("{888888A0-9F3D-457C-B088-3A5042F75D52}") = "Bai039", "Bai039\Bai039.pyproj", "{D6414AFA-E24A-4A95-852F-6994C0E9090D}"
EndProject
Project("{888888A0-9F3D-457C-B088-3A5042F75D52}") = "Bai045", "Bai045\Bai045.pyproj", "{25D28D5E-DA15-4103-AF0F-03F27139299C}"
EndProject
Project("{888888A0-9F3D-457C-B088-3A5042F75D52}") = "Bai051", "Bai051\Bai051.pyproj", "{12E4BA03-D26F-439D-BE02-B597D5FC580F}"
EndProject
Project("{888888A0-9F3D-457C-B088-3A5042F75D52}") = "Bai057", "Bai057\Bai057.pyproj", "{71B0DD63-BFA2-4910-A3F3-CFC1E733F2B8}"
EndProject
Project("{888888A0-9F3D-457C-B088-3A5042F75D52}") = "Bai063", "Bai063\Bai063.pyproj", "{3FF3E799-DD70-4990-B858-7084502AFA00}"
EndProject
Project("{888888A0-9F3D-457C-B088-3A5042F75D52}") = "Bai069", "Bai069\Bai069.pyproj", "{0AA44441-0DA3-4436-A8D7-D377FAC3E8C7}"
EndProject
Project("{888888A0-9F3D-457C-B088-3A5042F75D52}") = "Bai075", "Bai075\Bai075.pyproj", "{47CA55DC-126A-4013-81D3-3C534440A90D}"
EndProject
Project("{888888A0-9F3D-457C-B088-3A5042F75D52}") = "Bai081", "Bai081\Bai081.pyproj", "{49EA0A46-15F7-4250-8FBC-532837909086}"
EndProject
Project("{888888A0-9F3D-457C-B088-3A5042F75D52}") = "Bai087", "Bai087\Bai087.pyproj", "{6ACBDE7D-A420-4D11-BA49-A99ECA481BF6}"
EndProject
Project("{888888A0-9F3D-457C-B088-3A5042F75D52}") = "Bai093", "Bai093\Bai093.pyproj", "{8C2C139D-C8A1-454F-AB37-199BD46F5C96}"
EndProject
Project("{888888A0-9F3D-457C-B088-3A5042F75D52}") = "Bai099", "Bai099\Bai099.pyproj", "{22CF8003-4276-4E6C-A901-5C94E58A1317}"
EndProject
Project("{888888A0-9F3D-457C-B088-3A5042F75D52}") = "Bai105", "Bai105\Bai105.pyproj", "{60C91609-0DCD-418E-9545-02DC8B9FCBD1}"
EndProject
Project("{888888A0-9F3D-457C-B088-3A5042F75D52}") = "Bai111", "Bai111\Bai111.pyproj", "{F5743F00-5E2E-40DE-B58A-0B11A146556F}"
EndProject
Project("{888888A0-9F3D-457C-B088-3A5042F75D52}") = "Bai117", "Bai117\Bai117.pyproj", "{4D5CFC9A-486A-4024-9827-A9E52A8E5C07}"
EndProject
Project("{888888A0-9F3D-457C-B088-3A5042F75D52}") = "Bai123", "Bai123\Bai123.pyproj", "{C5C0F6AD-77BB-4C3A-8C14-FA7F04BC011C}"
EndProject
Project("{888888A0-9F3D-457C-B088-3A5042F75D52}") = "Bai129", "Bai129\Bai129.pyproj", "{F46A686E-7398-4E2F-A036-6A28A880758B}"
EndProject
Project("{888888A0-9F3D-457C-B088-3A5042F75D52}") = "Bai135", "Bai135\Bai135.pyproj", "{0B92D479-F487-47E9-93BB-583797CBE4D6}"
EndProject
Project("{888888A0-9F3D-457C-B088-3A5042F75D52}") = "Bai141", "Bai141\Bai141.pyproj", "{581EC4F4-E72E-4D3A-97AF-E98265516310}"
EndProject
Project("{888888A0-9F3D-457C-B088-3A5042F75D52}") = "Bai147", "Bai147\Bai147.pyproj", "{66D228F5-5F8F-4B38-8A54-D556D8A0F29A}"
EndProject
Project("{888888A0-9F3D-457C-B088-3A5042F75D52}") = "Bai153", "Bai153\Bai153.pyproj", "{F9288A84-3BB5-4083-AF27-79D40F249F3A}"
EndProject
Project("{888888A0-9F3D-457C-B088-3A5042F75D52}") = "Bai159", "Bai159\Bai159.pyproj", "{58CEC2C0-F9BD-47F8-B34E-F169A6223D61}"
EndProject
Project("{888888A0-9F3D-457C-B088-3A5042F75D52}") = "Bai165", "Bai165\Bai165.pyproj", "{9CA754E5-4A85-43BE-9E30-3BBAF57CA91D}"
EndProject
Project("{888888A0-9F3D-457C-B088-3A5042F75D52}") = "Bai002", "Bai002\Bai002.pyproj", "{A850D135-66B5-45C2-AC0F-E6077A891088}"
EndProject
Project("{888888A0-9F3D-457C-B088-3A5042F75D52}") = "Bai008", "Bai008\Bai008.pyproj", "{F0E25435-C85B-46C2-839E-EC23F57ED6E1}"
EndProject
Project("{888888A0-9F3D-457C-B088-3A5042F75D52}") = "Bai014", "Bai014\Bai014.pyproj", "{2429C12B-FFC4-4F62-8D49-E8CF62FF64CD}"
EndProject
Project("{888888A0-9F3D-457C-B088-3A5042F75D52}") = "Bai020", "Bai020\Bai020.pyproj", "{95D016B1-BED0-421E-8EF9-DA9DE2E63773}"
EndProject
Project("{888888A0-9F3D-457C-B088-3A5042F75D52}") = "Bai026", "Bai026\Bai026.pyproj", "{88C186DE-C913-42F7-8895-EBF2F64F2002}"
EndProject
Project("{888888A0-9F3D-457C-B088-3A5042F75D52}") = "Bai032", "Bai032\Bai032.pyproj", "{970C693D-FB9A-470F-8C88-14911C7AD080}"
EndProject
Project("{888888A0-9F3D-457C-B088-3A5042F75D52}") = "Bai038", "Bai038\Bai038.pyproj", "{6C99FFFB-B5AD-4E24-9474-1A3BD83D2085}"
EndProject
Project("{888888A0-9F3D-457C-B088-3A5042F75D52}") = "Bai044", "Bai044\Bai044.pyproj", "{EE6922CE-0DA7-477B-B0CC-0F41907EB06D}"
EndProject
Project("{888888A0-9F3D-457C-B088-3A5042F75D52}") = "Bai050", "Bai050\Bai050.pyproj", "{35303CFC-337E-47FE-98CC-39CC13E5E6F3}"
EndProject
Project("{888888A0-9F3D-457C-B088-3A5042F75D52}") = "Bai056", "Bai056\Bai056.pyproj", "{43757EF4-F235-4BCC-9C8B-184FEC855E2F}"
EndProject
Project("{888888A0-9F3D-457C-B088-3A5042F75D52}") = "Bai062", "Bai062\Bai062.pyproj", "{80CC31B6-EF05-4EBB-A816-1D47AD1A99EE}"
EndProject
Project("{888888A0-9F3D-457C-B088-3A5042F75D52}") = "Bai068", "Bai068\Bai068.pyproj", "{92619464-83A9-4782-9079-D04A735261BF}"
EndProject
Project("{888888A0-9F3D-457C-B088-3A5042F75D52}") = "Bai074", "Bai074\Bai074.pyproj", "{2CC9B22B-6345-4F4A-9602-7047DEDA2AA5}"
EndProject
Project("{888888A0-9F3D-457C-B088-3A5042F75D52}") = "Bai080", "Bai080\Bai080.pyproj", "{FDB7C205-A182-4B6F-A44B-8752A20B47F9}"
EndProject
Project("{888888A0-9F3D-457C-B088-3A5042F75D52}") = "Bai086", "Bai086\Bai086.pyproj", "{FB786072-6D59-4B80-94B5-D40B835AD942}"
EndProject
Project("{888888A0-9F3D-457C-B088-3A5042F75D52}") = "Bai092", "Bai092\Bai092.pyproj", "{BD58C1B9-15D9-4E2C-9E2F-5FF9DCD49338}"
EndProject
Project("{888888A0-9F3D-457C-B088-3A5042F75D52}") = "Bai098", "Bai098\Bai098.pyproj", "{121E5246-8174-4576-B5EE-3BE64ABB57B4}"
EndProject
Project("{888888A0-9F3D-457C-B088-3A5042F75D52}") = "Bai104", "Bai104\Bai104.pyproj", "{84DA6D1B-20FB-49D6-AF08-8C9AD6A0B7A4}"
EndProject
Project("{888888A0-9F3D-457C-B088-3A5042F75D52}") = "Bai110", "Bai110\Bai110.pyproj", "{727D8590-EA14-480A-8B09-CBAA2FC943AD}"
EndProject
Project("{888888A0-9F3D-457C-B088-3A5042F75D52}") = "Bai116", "Bai116\Bai116.pyproj", "{E7BAEDA0-2E37-4017-B5D6-387A4A83B375}"
EndProject
Project("{888888A0-9F3D-457C-B088-3A5042F75D52}") = "Bai122", "Bai122\Bai122.pyproj", "{FF884C4F-0C84-4180-9E81-CE92354A1E99}"
EndProject
Project("{888888A0-9F3D-457C-B088-3A5042F75D52}") = "Bai128", "Bai128\Bai128.pyproj", "{082D42D9-C2EE-4B8B-85A6-C64E8882D8AF}"
EndProject
Project("{888888A0-9F3D-457C-B088-3A5042F75D52}") = "Bai134", "Bai134\Bai134.pyproj", "{E928A306-A6F4-41A4-9D94-53D2D7E7BB80}"
EndProject
Project("{888888A0-9F3D-457C-B088-3A5042F75D52}") = "Bai140", "Bai140\Bai140.pyproj", "{D1FD5BAA-256E-4A1A-BAA0-A262230948D1}"
EndProject
Project("{888888A0-9F3D-457C-B088-3A5042F75D52}") = "Bai146", "Bai146\Bai146.pyproj", "{C0FAEC57-B197-45C4-97B6-6139E06383B4}"
EndProject
Project("{888888A0-9F3D-457C-B088-3A5042F75D52}") = "Bai152", "Bai152\Bai152.pyproj", "{0373E1E2-7700-41F1-A874-30AA93D19EBB}"
EndProject
Project("{888888A0-9F3D-457C-B088-3A5042F75D52}") = "Bai158", "Bai158\Bai158.pyproj", "{F51669A9-0934-4155-B669-8834542165DC}"
EndProject
Project("{888888A0-9F3D-457C-B088-3A5042F75D52}") = "Bai164", "Bai164\Bai164.pyproj", "{EC000CD6-56DD-4486-8AA5-74A1E823F608}"
EndProject
Global
	GlobalSection(SolutionConfigurationPlatforms) = preSolution
		Debug|Any CPU = Debug|Any CPU
		Release|Any CPU = Release|Any CPU
	EndGlobalSection
	GlobalSection(ProjectConfigurationPlatforms) = postSolution
		{8AD1FECA-1D3F-4854-A171-B3FD5ED0DDA3}.Debug|Any CPU.ActiveCfg = Debug|Any CPU
		{8AD1FECA-1D3F-4854-A171-B3FD5ED0DDA3}.Release|Any CPU.ActiveCfg = Release|Any CPU
		{D3DB06D4-3DFB-4572-969E-9AB48CC8E9CE}.Debug|Any CPU.ActiveCfg = Debug|Any CPU
		{D3DB06D4-3DFB-4572-969E-9AB48CC8E9CE}.Release|Any CPU.ActiveCfg = Release|Any CPU
		{8D033853-8F89-4EEE-A7B2-82D79A286158}.Debug|Any CPU.ActiveCfg = Debug|Any CPU
		{8D033853-8F89-4EEE-A7B2-82D79A286158}.Release|Any CPU.ActiveCfg = Release|Any CPU
		{40A60FFC-510B-4055-B60C-3B2F4BCACD65}.Debug|Any CPU.ActiveCfg = Debug|Any CPU
		{40A60FFC-510B-4055-B60C-3B2F4BCACD65}.Release|Any CPU.ActiveCfg = Release|Any CPU
		{01475D24-B02C-4841-9B14-52714F59CDC5}.Debug|Any CPU.ActiveCfg = Debug|Any CPU
		{01475D24-B02C-4841-9B14-52714F59CDC5}.Release|Any CPU.ActiveCfg = Release|Any CPU
		{4A417B30-78FB-40B4-BA37-10E74F12FB66}.Debug|Any CPU.ActiveCfg = Debug|Any CPU
		{4A417B30-78FB-40B4-BA37-10E74F12FB66}.Release|Any CPU.ActiveCfg = Release|Any CPU
		{F03FBA3E-2C22-44BE-8E82-54B5E62E7A02}.Debug|Any CPU.ActiveCfg = Debug|Any CPU
		{F03FBA3E-2C22-44BE-8E82-54B5E62E7A02}.Release|Any CPU.ActiveCfg = Release|Any CPU
		{D1C05167-9FA0-4943-A2C5-AD7F956ADCC7}.Debug|Any CPU.ActiveCfg = Debug|Any CPU
		{D1C05167-9FA0-4943-A2C5-AD7F956ADCC7}.Release|Any CPU.ActiveCfg = Release|Any CPU
		{227302A9-EC54-4245-B5FE-0F03613AB594}.Debug|Any CPU.ActiveCfg = Debug|Any CPU
		{227302A9-EC54-4245-B5FE-0F03613AB594}.Release|Any CPU.ActiveCfg = Release|Any CPU
		{BB66C38C-B5AF-40B5-8D38-526F862AC7E8}.Debug|Any CPU.ActiveCfg = Debug|Any CPU
		{BB66C38C-B5AF-40B5-8D38-526F862AC7E8}.Release|Any CPU.ActiveCfg = Release|Any CPU
		{286130B8-E4CC-4FC7-A0E1-45DAB79F8977}.Debug|Any CPU.ActiveCfg = Debug|Any CPU
		{286130B8-E4CC-4FC7-A0E1-45DAB79F8977}.Release|Any CPU.ActiveCfg = Release|Any CPU
		{930F169D-B6BD-4985-A63E-509083DBB5F5}.Debug|Any CPU.ActiveCfg = Debug|Any CPU
		{930F169D-B6BD-4985-A63E-509083DBB5F5}.Release|Any CPU.ActiveCfg = Release|Any CPU
		{69AB0207-B79A-4302-9863-F174FD4F23B4}.Debug|Any CPU.ActiveCfg = Debug|Any CPU
		{69AB0207-B79A-4302-9863-F174FD4F23B4}.Release|Any CPU.ActiveCfg = Release|Any CPU
		{D2A6AA27-9BB2-4E98-953C-CCD0F61CF3B0}.Debug|Any CPU.ActiveCfg = Debug|Any CPU
		{D2A6AA27-9BB2-4E98-953C-CCD0F61CF3B0}.Release|Any CPU.ActiveCfg = Release|Any CPU
		{BBF6A769-2AC6-4982-A99D-B8848A6219F4}.Debug|Any CPU.ActiveCfg = Debug|Any CPU
		{BBF6A769-2AC6-4982-A99D-B8848A6219F4}.Release|Any CPU.ActiveCfg = Release|Any CPU
		{44F87F96-BCED-4588-8FD2-345A4878852E}.Debug|Any CPU.ActiveCfg = Debug|Any CPU
		{44F87F96-BCED-4588-8FD2-345A4878852E}.Release|Any CPU.ActiveCfg = Release|Any CPU
		{370E4E91-6E04-4FE8-9213-A40582FC1DF4}.Debug|Any CPU.ActiveCfg = Debug|Any CPU
		{370E4E91-6E04-4FE8-9213-A40582FC1DF4}.Release|Any CPU.ActiveCfg = Release|Any CPU
		{B58C7D95-DF09-4083-90AA-7C48B5645A11}.Debug|Any CPU.ActiveCfg = Debug|Any CPU
		{B58C7D95-DF09-4083-90AA-7C48B5645A11}.Release|Any CPU.ActiveCfg = Release|Any CPU
		{CDB63D20-88D5-41DA-B399-E6AD3C825D86}.Debug|Any CPU.ActiveCfg = Debug|Any CPU
		{CDB63D20-88D5-41DA-B399-E6AD3C825D86}.Release|Any CPU.ActiveCfg = Release|Any CPU
		{0592ED57-7375-426E-82C6-82763A9FB346}.Debug|Any CPU.ActiveCfg = Debug|Any CPU
		{0592ED57-7375-426E-82C6-82763A9FB346}.Release|Any CPU.ActiveCfg = Release|Any CPU
		{305CC086-1226-4461-B037-BD4674248FA9}.Debug|Any CPU.ActiveCfg = Debug|Any CPU
		{305CC086-1226-4461-B037-BD4674248FA9}.Release|Any CPU.ActiveCfg = Release|Any CPU
		{5B3472F8-7D97-4335-84F0-72B595D42FA0}.Debug|Any CPU.ActiveCfg = Debug|Any CPU
		{5B3472F8-7D97-4335-84F0-72B595D42FA0}.Release|Any CPU.ActiveCfg = Release|Any CPU
		{1C2FAA16-93D4-4B26-9F8B-009E9289921F}.Debug|Any CPU.ActiveCfg = Debug|Any CPU
		{1C2FAA16-93D4-4B26-9F8B-009E9289921F}.Release|Any CPU.ActiveCfg = Release|Any CPU
		{01CFA09D-F9B8-40EA-A183-973DE8F13C18}.Debug|Any CPU.ActiveCfg = Debug|Any CPU
		{01CFA09D-F9B8-40EA-A183-973DE8F13C18}.Release|Any CPU.ActiveCfg = Release|Any CPU
		{04B5CADE-2EAA-464F-BB0B-DC563FBF59A2}.Debug|Any CPU.ActiveCfg = Debug|Any CPU
		{04B5CADE-2EAA-464F-BB0B-DC563FBF59A2}.Release|Any CPU.ActiveCfg = Release|Any CPU
		{90349489-F2B8-4194-983E-A5ABA5D0FFA6}.Debug|Any CPU.ActiveCfg = Debug|Any CPU
		{90349489-F2B8-4194-983E-A5ABA5D0FFA6}.Release|Any CPU.ActiveCfg = Release|Any CPU
		{044B02DF-FFCB-4EA2-84FC-0E18A7722FB1}.Debug|Any CPU.ActiveCfg = Debug|Any CPU
		{044B02DF-FFCB-4EA2-84FC-0E18A7722FB1}.Release|Any CPU.ActiveCfg = Release|Any CPU
		{748B5D48-BFD9-4346-BDF6-1749EF1E1A7D}.Debug|Any CPU.ActiveCfg = Debug|Any CPU
		{748B5D48-BFD9-4346-BDF6-1749EF1E1A7D}.Release|Any CPU.ActiveCfg = Release|Any CPU
		{D731D2AC-122E-41E1-8621-1A21DECA2A44}.Debug|Any CPU.ActiveCfg = Debug|Any CPU
		{D731D2AC-122E-41E1-8621-1A21DECA2A44}.Release|Any CPU.ActiveCfg = Release|Any CPU
		{7F66FEC9-32B7-464D-8430-7DC433E55224}.Debug|Any CPU.ActiveCfg = Debug|Any CPU
		{7F66FEC9-32B7-464D-8430-7DC433E55224}.Release|Any CPU.ActiveCfg = Release|Any CPU
		{201DB03F-4C63-4ADA-972E-F3CCC7226FA0}.Debug|Any CPU.ActiveCfg = Debug|Any CPU
		{201DB03F-4C63-4ADA-972E-F3CCC7226FA0}.Release|Any CPU.ActiveCfg = Release|Any CPU
		{526A2D56-4AD5-4E5E-A1CB-83BBC3C2362E}.Debug|Any CPU.ActiveCfg = Debug|Any CPU
		{526A2D56-4AD5-4E5E-A1CB-83BBC3C2362E}.Release|Any CPU.ActiveCfg = Release|Any CPU
		{8D7385BA-B3F6-439D-BD23-12F4773AFD76}.Debug|Any CPU.ActiveCfg = Debug|Any CPU
		{8D7385BA-B3F6-439D-BD23-12F4773AFD76}.Release|Any CPU.ActiveCfg = Release|Any CPU
		{204ED6F0-FA74-4E5E-853F-CE6B4E9C5422}.Debug|Any CPU.ActiveCfg = Debug|Any CPU
		{204ED6F0-FA74-4E5E-853F-CE6B4E9C5422}.Release|Any CPU.ActiveCfg = Release|Any CPU
		{D6414AFA-E24A-4A95-852F-6994C0E9090D}.Debug|Any CPU.ActiveCfg = Debug|Any CPU
		{D6414AFA-E24A-4A95-852F-6994C0E9090D}.Release|Any CPU.ActiveCfg = Release|Any CPU
		{25D28D5E-DA15-4103-AF0F-03F27139299C}.Debug|Any CPU.ActiveCfg = Debug|Any CPU
		{25D28D5E-DA15-4103-AF0F-03F27139299C}.Release|Any CPU.ActiveCfg = Release|Any CPU
		{12E4BA03-D26F-439D-BE02-B597D5FC580F}.Debug|Any CPU.ActiveCfg = Debug|Any CPU
		{12E4BA03-D26F-439D-BE02-B597D5FC580F}.Release|Any CPU.ActiveCfg = Release|Any CPU
		{71B0DD63-BFA2-4910-A3F3-CFC1E733F2B8}.Debug|Any CPU.ActiveCfg = Debug|Any CPU
		{71B0DD63-BFA2-4910-A3F3-CFC1E733F2B8}.Release|Any CPU.ActiveCfg = Release|Any CPU
		{3FF3E799-DD70-4990-B858-7084502AFA00}.Debug|Any CPU.ActiveCfg = Debug|Any CPU
		{3FF3E799-DD70-4990-B858-7084502AFA00}.Release|Any CPU.ActiveCfg = Release|Any CPU
		{0AA44441-0DA3-4436-A8D7-D377FAC3E8C7}.Debug|Any CPU.ActiveCfg = Debug|Any CPU
		{0AA44441-0DA3-4436-A8D7-D377FAC3E8C7}.Release|Any CPU.ActiveCfg = Release|Any CPU
		{47CA55DC-126A-4013-81D3-3C534440A90D}.Debug|Any CPU.ActiveCfg = Debug|Any CPU
		{47CA55DC-126A-4013-81D3-3C534440A90D}.Release|Any CPU.ActiveCfg = Release|Any CPU
		{49EA0A46-15F7-4250-8FBC-532837909086}.Debug|Any CPU.ActiveCfg = Debug|Any CPU
		{49EA0A46-15F7-4250-8FBC-532837909086}.Release|Any CPU.ActiveCfg = Release|Any CPU
		{6ACBDE7D-A420-4D11-BA49-A99ECA481BF6}.Debug|Any CPU.ActiveCfg = Debug|Any CPU
		{6ACBDE7D-A420-4D11-BA49-A99ECA481BF6}.Release|Any CPU.ActiveCfg = Release|Any CPU
		{8C2C139D-C8A1-454F-AB37-199BD46F5C96}.Debug|Any CPU.ActiveCfg = Debug|Any CPU
		{8C2C139D-C8A1-454F-AB37-199BD46F5C96}.Release|Any CPU.ActiveCfg = Release|Any CPU
		{22CF8003-4276-4E6C-A901-5C94E58A1317}.Debug|Any CPU.ActiveCfg = Debug|Any CPU
		{22CF8003-4276-4E6C-A901-5C94E58A1317}.Release|Any CPU.ActiveCfg = Release|Any CPU
		{60C91609-0DCD-418E-9545-02DC8B9FCBD1}.Debug|Any CPU.ActiveCfg = Debug|Any CPU
		{60C91609-0DCD-418E-9545-02DC8B9FCBD1}.Release|Any CPU.ActiveCfg = Release|Any CPU
		{F5743F00-5E2E-40DE-B58A-0B11A146556F}.Debug|Any CPU.ActiveCfg = Debug|Any CPU
		{F5743F00-5E2E-40DE-B58A-0B11A146556F}.Release|Any CPU.ActiveCfg = Release|Any CPU
		{4D5CFC9A-486A-4024-9827-A9E52A8E5C07}.Debug|Any CPU.ActiveCfg = Debug|Any CPU
		{4D5CFC9A-486A-4024-9827-A9E52A8E5C07}.Release|Any CPU.ActiveCfg = Release|Any CPU
		{C5C0F6AD-77BB-4C3A-8C14-FA7F04BC011C}.Debug|Any CPU.ActiveCfg = Debug|Any CPU
		{C5C0F6AD-77BB-4C3A-8C14-FA7F04BC011C}.Release|Any CPU.ActiveCfg = Release|Any CPU
		{F46A686E-7398-4E2F-A036-6A28A880758B}.Debug|Any CPU.ActiveCfg = Debug|Any CPU
		{F46A686E-7398-4E2F-A036-6A28A880758B}.Release|Any CPU.ActiveCfg = Release|Any CPU
		{0B92D479-F487-47E9-93BB-583797CBE4D6}.Debug|Any CPU.ActiveCfg = Debug|Any CPU
		{0B92D479-F487-47E9-93BB-583797CBE4D6}.Release|Any CPU.ActiveCfg = Release|Any CPU
		{581EC4F4-E72E-4D3A-97AF-E98265516310}.Debug|Any CPU.ActiveCfg = Debug|Any CPU
		{581EC4F4-E72E-4D3A-97AF-E98265516310}.Release|Any CPU.ActiveCfg = Release|Any CPU
		{66D228F5-5F8F-4B38-8A54-D556D8A0F29A}.Debug|Any CPU.ActiveCfg = Debug|Any CPU
		{66D228F5-5F8F-4B38-8A54-D556D8A0F29A}.Release|Any CPU.ActiveCfg = Release|Any CPU
		{F9288A84-3BB5-4083-AF27-79D40F249F3A}.Debug|Any CPU.ActiveCfg = Debug|Any CPU
		{F9288A84-3BB5-4083-AF27-79D40F249F3A}.Release|Any CPU.ActiveCfg = Release|Any CPU
		{58CEC2C0-F9BD-47F8-B34E-F169A6223D61}.Debug|Any CPU.ActiveCfg = Debug|Any CPU
		{58CEC2C0-F9BD-47F8-B34E-F169A6223D61}.Release|Any CPU.ActiveCfg = Release|Any CPU
		{9CA754E5-4A85-43BE-9E30-3BBAF57CA91D}.Debug|Any CPU.ActiveCfg = Debug|Any CPU
		{9CA754E5-4A85-43BE-9E30-3BBAF57CA91D}.Release|Any CPU.ActiveCfg = Release|Any CPU
		{A850D135-66B5-45C2-AC0F-E6077A891088}.Debug|Any CPU.ActiveCfg = Debug|Any CPU
		{A850D135-66B5-45C2-AC0F-E6077A891088}.Release|Any CPU.ActiveCfg = Release|Any CPU
		{F0E25435-C85B-46C2-839E-EC23F57ED6E1}.Debug|Any CPU.ActiveCfg = Debug|Any CPU
		{F0E25435-C85B-46C2-839E-EC23F57ED6E1}.Release|Any CPU.ActiveCfg = Release|Any CPU
		{2429C12B-FFC4-4F62-8D49-E8CF62FF64CD}.Debug|Any CPU.ActiveCfg = Debug|Any CPU
		{2429C12B-FFC4-4F62-8D49-E8CF62FF64CD}.Release|Any CPU.ActiveCfg = Release|Any CPU
		{95D016B1-BED0-421E-8EF9-DA9DE2E63773}.Debug|Any CPU.ActiveCfg = Debug|Any CPU
		{95D016B1-BED0-421E-8EF9-DA9DE2E63773}.Release|Any CPU.ActiveCfg = Release|Any CPU
		{88C186DE-C913-42F7-8895-EBF2F64F2002}.Debug|Any CPU.ActiveCfg = Debug|Any CPU
		{88C186DE-C913-42F7-8895-EBF2F64F2002}.Release|Any CPU.ActiveCfg = Release|Any CPU
		{970C693D-FB9A-470F-8C88-14911C7AD080}.Debug|Any CPU.ActiveCfg = Debug|Any CPU
		{970C693D-FB9A-470F-8C88-14911C7AD080}.Release|Any CPU.ActiveCfg = Release|Any CPU
		{6C99FFFB-B5AD-4E24-9474-1A3BD83D2085}.Debug|Any CPU.ActiveCfg = Debug|Any CPU
		{6C99FFFB-B5AD-4E24-9474-1A3BD83D2085}.Release|Any CPU.ActiveCfg = Release|Any CPU
		{EE6922CE-0DA7-477B-B0CC-0F41907EB06D}.Debug|Any CPU.ActiveCfg = Debug|Any CPU
		{EE6922CE-0DA7-477B-B0CC-0F41907EB06D}.Release|Any CPU.ActiveCfg = Release|Any CPU
		{35303CFC-337E-47FE-98CC-39CC13E5E6F3}.Debug|Any CPU.ActiveCfg = Debug|Any CPU
		{35303CFC-337E-47FE-98CC-39CC13E5E6F3}.Release|Any CPU.ActiveCfg = Release|Any CPU
		{43757EF4-F235-4BCC-9C8B-184FEC855E2F}.Debug|Any CPU.ActiveCfg = Debug|Any CPU
		{43757EF4-F235-4BCC-9C8B-184FEC855E2F}.Release|Any CPU.ActiveCfg = Release|Any CPU
		{80CC31B6-EF05-4EBB-A816-1D47AD1A99EE}.Debug|Any CPU.ActiveCfg = Debug|Any CPU
		{80CC31B6-EF05-4EBB-A816-1D47AD1A99EE}.Release|Any CPU.ActiveCfg = Release|Any CPU
		{92619464-83A9-4782-9079-D04A735261BF}.Debug|Any CPU.ActiveCfg = Debug|Any CPU
		{92619464-83A9-4782-9079-D04A735261BF}.Release|Any CPU.ActiveCfg = Release|Any CPU
		{2CC9B22B-6345-4F4A-9602-7047DEDA2AA5}.Debug|Any CPU.ActiveCfg = Debug|Any CPU
		{2CC9B22B-6345-4F4A-9602-7047DEDA2AA5}.Release|Any CPU.ActiveCfg = Release|Any CPU
		{FDB7C205-A182-4B6F-A44B-8752A20B47F9}.Debug|Any CPU.ActiveCfg = Debug|Any CPU
		{FDB7C205-A182-4B6F-A44B-8752A20B47F9}.Release|Any CPU.ActiveCfg = Release|Any CPU
		{FB786072-6D59-4B80-94B5-D40B835AD942}.Debug|Any CPU.ActiveCfg = Debug|Any CPU
		{FB786072-6D59-4B80-94B5-D40B835AD942}.Release|Any CPU.ActiveCfg = Release|Any CPU
		{BD58C1B9-15D9-4E2C-9E2F-5FF9DCD49338}.Debug|Any CPU.ActiveCfg = Debug|Any CPU
		{BD58C1B9-15D9-4E2C-9E2F-5FF9DCD49338}.Release|Any CPU.ActiveCfg = Release|Any CPU
		{121E5246-8174-4576-B5EE-3BE64ABB57B4}.Debug|Any CPU.ActiveCfg = Debug|Any CPU
		{121E5246-8174-4576-B5EE-3BE64ABB57B4}.Release|Any CPU.ActiveCfg = Release|Any CPU
		{84DA6D1B-20FB-49D6-AF08-8C9AD6A0B7A4}.Debug|Any CPU.ActiveCfg = Debug|Any CPU
		{84DA6D1B-20FB-49D6-AF08-8C9AD6A0B7A4}.Release|Any CPU.ActiveCfg = Release|Any CPU
		{727D8590-EA14-480A-8B09-CBAA2FC943AD}.Debug|Any CPU.ActiveCfg = Debug|Any CPU
		{727D8590-EA14-480A-8B09-CBAA2FC943AD}.Release|Any CPU.ActiveCfg = Release|Any CPU
		{E7BAEDA0-2E37-4017-B5D6-387A4A83B375}.Debug|Any CPU.ActiveCfg = Debug|Any CPU
		{E7BAEDA0-2E37-4017-B5D6-387A4A83B375}.Release|Any CPU.ActiveCfg = Release|Any CPU
		{FF884C4F-0C84-4180-9E81-CE92354A1E99}.Debug|Any CPU.ActiveCfg = Debug|Any CPU
		{FF884C4F-0C84-4180-9E81-CE92354A1E99}.Release|Any CPU.ActiveCfg = Release|Any CPU
		{082D42D9-C2EE-4B8B-85A6-C64E8882D8AF}.Debug|Any CPU.ActiveCfg = Debug|Any CPU
		{082D42D9-C2EE-4B8B-85A6-C64E8882D8AF}.Release|Any CPU.ActiveCfg = Release|Any CPU
		{E928A306-A6F4-41A4-9D94-53D2D7E7BB80}.Debug|Any CPU.ActiveCfg = Debug|Any CPU
		{E928A306-A6F4-41A4-9D94-53D2D7E7BB80}.Release|Any CPU.ActiveCfg = Release|Any CPU
		{D1FD5BAA-256E-4A1A-BAA0-A262230948D1}.Debug|Any CPU.ActiveCfg = Debug|Any CPU
		{D1FD5BAA-256E-4A1A-BAA0-A262230948D1}.Release|Any CPU.ActiveCfg = Release|Any CPU
		{C0FAEC57-B197-45C4-97B6-6139E06383B4}.Debug|Any CPU.ActiveCfg = Debug|Any CPU
		{C0FAEC57-B197-45C4-97B6-6139E06383B4}.Release|Any CPU.ActiveCfg = Release|Any CPU
		{0373E1E2-7700-41F1-A874-30AA93D19EBB}.Debug|Any CPU.ActiveCfg = Debug|Any CPU
		{0373E1E2-7700-41F1-A874-30AA93D19EBB}.Release|Any CPU.ActiveCfg = Release|Any CPU
		{F51669A9-0934-4155-B669-8834542165DC}.Debug|Any CPU.ActiveCfg = Debug|Any CPU
		{F51669A9-0934-4155-B669-8834542165DC}.Release|Any CPU.ActiveCfg = Release|Any CPU
		{EC000CD6-56DD-4486-8AA5-74A1E823F608}.Debug|Any CPU.ActiveCfg = Debug|Any CPU
		{EC000CD6-56DD-4486-8AA5-74A1E823F608}.Release|Any CPU.ActiveCfg = Release|Any CPU
	EndGlobalSection
	GlobalSection(SolutionProperties) = preSolution
		HideSolutionNode = FALSE
	EndGlobalSection
	GlobalSection(ExtensibilityGlobals) = postSolution
		SolutionGuid = {C0005335-70BB-48C1-8C55-981E66800964}
	EndGlobalSection
EndGlobal
