
Microsoft Visual Studio Solution File, Format Version 12.00
# Visual Studio Version 17
VisualStudioVersion = 17.7.34031.279
MinimumVisualStudioVersion = 10.0.40219.1
Project("{888888A0-9F3D-457C-B088-3A5042F75D52}") = "Bai001", "Bai001\Bai001.pyproj", "{8AD1FECA-1D3F-4854-A171-B3FD5ED0DDA3}"
EndProject
Project("{888888A0-9F3D-457C-B088-3A5042F75D52}") = "Bai007", "Bai007\Bai007.pyproj", "{D3DB06D4-3DFB-4572-969E-9AB48CC8E9CE}"
EndProject
Project("{888888A0-9F3D-457C-B088-3A5042F75D52}") = "Bai013", "Bai013\Bai013.pyproj", "{8D033853-8F89-4EEE-A7B2-82D79A286158}"
EndProject
Project("{888888A0-9F3D-457C-B088-3A5042F75D52}") = "Bai019", "Bai019\Bai019.pyproj", "{40A60FFC-510B-4055-B60C-3B2F4BCACD65}"
EndProject
Project("{888888A0-9F3D-457C-B088-3A5042F75D52}") = "Bai025", "Bai025\Bai025.pyproj", "{01475D24-B02C-4841-9B14-52714F59CDC5}"
EndProject
Project("{888888A0-9F3D-457C-B088-3A5042F75D52}") = "Bai037", "Bai037\Bai037.pyproj", "{F03FBA3E-2C22-44BE-8E82-54B5E62E7A02}"
EndProject
Project("{888888A0-9F3D-457C-B088-3A5042F75D52}") = "Bai043", "Bai043\Bai043.pyproj", "{D1C05167-9FA0-4943-A2C5-AD7F956ADCC7}"
EndProject
Project("{888888A0-9F3D-457C-B088-3A5042F75D52}") = "Bai049", "Bai049\Bai049.pyproj", "{227302A9-EC54-4245-B5FE-0F03613AB594}"
EndProject
Project("{888888A0-9F3D-457C-B088-3A5042F75D52}") = "Bai055", "Bai055\Bai055.pyproj", "{BB66C38C-B5AF-40B5-8D38-526F862AC7E8}"
EndProject
Project("{888888A0-9F3D-457C-B088-3A5042F75D52}") = "Bai067", "Bai067\Bai067.pyproj", "{930F169D-B6BD-4985-A63E-509083DBB5F5}"
EndProject
Project("{888888A0-9F3D-457C-B088-3A5042F75D52}") = "Bai073", "Bai073\Bai073.pyproj", "{69AB0207-B79A-4302-9863-F174FD4F23B4}"
EndProject
Project("{888888A0-9F3D-457C-B088-3A5042F75D52}") = "Bai079", "Bai079\Bai079.pyproj", "{D2A6AA27-9BB2-4E98-953C-CCD0F61CF3B0}"
EndProject
Project("{888888A0-9F3D-457C-B088-3A5042F75D52}") = "Bai085", "Bai085\Bai085.pyproj", "{BBF6A769-2AC6-4982-A99D-B8848A6219F4}"
EndProject
Project("{888888A0-9F3D-457C-B088-3A5042F75D52}") = "Bai097", "Bai097\Bai097.pyproj", "{370E4E91-6E04-4FE8-9213-A40582FC1DF4}"
EndProject
Project("{888888A0-9F3D-457C-B088-3A5042F75D52}") = "Bai103", "Bai103\Bai103.pyproj", "{B58C7D95-DF09-4083-90AA-7C48B5645A11}"
EndProject
Project("{888888A0-9F3D-457C-B088-3A5042F75D52}") = "Bai109", "Bai109\Bai109.pyproj", "{CDB63D20-88D5-41DA-B399-E6AD3C825D86}"
EndProject
Project("{888888A0-9F3D-457C-B088-3A5042F75D52}") = "Bai115", "Bai115\Bai115.pyproj", "{0592ED57-7375-426E-82C6-82763A9FB346}"
EndProject
Project("{888888A0-9F3D-457C-B088-3A5042F75D52}") = "Bai127", "Bai127\Bai127.pyproj", "{5B3472F8-7D97-4335-84F0-72B595D42FA0}"
EndProject
Project("{888888A0-9F3D-457C-B088-3A5042F75D52}") = "Bai133", "Bai133\Bai133.pyproj", "{1C2FAA16-93D4-4B26-9F8B-009E9289921F}"
EndProject
Project("{888888A0-9F3D-457C-B088-3A5042F75D52}") = "Bai139", "Bai139\Bai139.pyproj", "{01CFA09D-F9B8-40EA-A183-973DE8F13C18}"
EndProject
Project("{888888A0-9F3D-457C-B088-3A5042F75D52}") = "Bai145", "Bai145\Bai145.pyproj", "{04B5CADE-2EAA-464F-BB0B-DC563FBF59A2}"
EndProject
Project("{888888A0-9F3D-457C-B088-3A5042F75D52}") = "Bai157", "Bai157\Bai157.pyproj", "{044B02DF-FFCB-4EA2-84FC-0E18A7722FB1}"
EndProject
Project("{888888A0-9F3D-457C-B088-3A5042F75D52}") = "Bai163", "Bai163\Bai163.pyproj", "{748B5D48-BFD9-4346-BDF6-1749EF1E1A7D}"
EndProject
Project("{888888A0-9F3D-457C-B088-3A5042F75D52}") = "Bai003", "Bai003\Bai003.pyproj", "{D731D2AC-122E-41E1-8621-1A21DECA2A44}"
EndProject
Project("{888888A0-9F3D-457C-B088-3A5042F75D52}") = "Bai009", "Bai009\Bai009.pyproj", "{7F66FEC9-32B7-464D-8430-7DC433E55224}"
EndProject
Project("{888888A0-9F3D-457C-B088-3A5042F75D52}") = "Bai015", "Bai015\Bai015.pyproj", "{201DB03F-4C63-4ADA-972E-F3CCC7226FA0}"
EndProject
Project("{888888A0-9F3D-457C-B088-3A5042F75D52}") = "Bai027", "Bai027\Bai027.pyproj", "{8D7385BA-B3F6-439D-BD23-12F4773AFD76}"
EndProject
Project("{888888A0-9F3D-457C-B088-3A5042F75D52}") = "Bai033", "Bai033\Bai033.pyproj", "{204ED6F0-FA74-4E5E-853F-CE6B4E9C5422}"
EndProject
Project("{888888A0-9F3D-457C-B088-3A5042F75D52}") = "Bai039", "Bai039\Bai039.pyproj", "{D6414AFA-E24A-4A95-852F-6994C0E9090D}"
EndProject
Project("{888888A0-9F3D-457C-B088-3A5042F75D52}") = "Bai045", "Bai045\Bai045.pyproj", "{25D28D5E-DA15-4103-AF0F-03F27139299C}"
EndProject
Project("{888888A0-9F3D-457C-B088-3A5042F75D52}") = "Bai057", "Bai057\Bai057.pyproj", "{71B0DD63-BFA2-4910-A3F3-CFC1E733F2B8}"
EndProject
Project("{888888A0-9F3D-457C-B088-3A5042F75D52}") = "Bai063", "Bai063\Bai063.pyproj", "{3FF3E799-DD70-4990-B858-7084502AFA00}"
EndProject
Project("{888888A0-9F3D-457C-B088-3A5042F75D52}") = "Bai069", "Bai069\Bai069.pyproj", "{0AA44441-0DA3-4436-A8D7-D377FAC3E8C7}"
EndProject
Project("{888888A0-9F3D-457C-B088-3A5042F75D52}") = "Bai075", "Bai075\Bai075.pyproj", "{47CA55DC-126A-4013-81D3-3C534440A90D}"
EndProject
Project("{888888A0-9F3D-457C-B088-3A5042F75D52}") = "Bai087", "Bai087\Bai087.pyproj", "{6ACBDE7D-A420-4D11-BA49-A99ECA481BF6}"
EndProject
Project("{888888A0-9F3D-457C-B088-3A5042F75D52}") = "Bai093", "Bai093\Bai093.pyproj", "{8C2C139D-C8A1-454F-AB37-199BD46F5C96}"
EndProject
Project("{888888A0-9F3D-457C-B088-3A5042F75D52}") = "Bai099", "Bai099\Bai099.pyproj", "{22CF8003-4276-4E6C-A901-5C94E58A1317}"
EndProject
Project("{888888A0-9F3D-457C-B088-3A5042F75D52}") = "Bai105", "Bai105\Bai105.pyproj", "{60C91609-0DCD-418E-9545-02DC8B9FCBD1}"
EndProject
Project("{888888A0-9F3D-457C-B088-3A5042F75D52}") = "Bai117", "Bai117\Bai117.pyproj", "{4D5CFC9A-486A-4024-9827-A9E52A8E5C07}"
EndProject
Project("{888888A0-9F3D-457C-B088-3A5042F75D52}") = "Bai123", "Bai123\Bai123.pyproj", "{C5C0F6AD-77BB-4C3A-8C14-FA7F04BC011C}"
EndProject
Project("{888888A0-9F3D-457C-B088-3A5042F75D52}") = "Bai129", "Bai129\Bai129.pyproj", "{F46A686E-7398-4E2F-A036-6A28A880758B}"
EndProject
Project("{888888A0-9F3D-457C-B088-3A5042F75D52}") = "Bai135", "Bai135\Bai135.pyproj", "{0B92D479-F487-47E9-93BB-583797CBE4D6}"
EndProject
Project("{888888A0-9F3D-457C-B088-3A5042F75D52}") = "Bai147", "Bai147\Bai147.pyproj", "{66D228F5-5F8F-4B38-8A54-D556D8A0F29A}"
EndProject
Project("{888888A0-9F3D-457C-B088-3A5042F75D52}") = "Bai153", "Bai153\Bai153.pyproj", "{F9288A84-3BB5-4083-AF27-79D40F249F3A}"
EndProject
Project("{888888A0-9F3D-457C-B088-3A5042F75D52}") = "Bai159", "Bai159\Bai159.pyproj", "{58CEC2C0-F9BD-47F8-B34E-F169A6223D61}"
EndProject
Project("{888888A0-9F3D-457C-B088-3A5042F75D52}") = "Bai165", "Bai165\Bai165.pyproj", "{9CA754E5-4A85-43BE-9E30-3BBAF57CA91D}"
EndProject
Project("{888888A0-9F3D-457C-B088-3A5042F75D52}") = "Bai002", "Bai002\Bai002.pyproj", "{A850D135-66B5-45C2-AC0F-E6077A891088}"
EndProject
Project("{888888A0-9F3D-457C-B088-3A5042F75D52}") = "Bai008", "Bai008\Bai008.pyproj", "{F0E25435-C85B-46C2-839E-EC23F57ED6E1}"
EndProject
Project("{888888A0-9F3D-457C-B088-3A5042F75D52}") = "Bai014", "Bai014\Bai014.pyproj", "{2429C12B-FFC4-4F62-8D49-E8CF62FF64CD}"
EndProject
Project("{888888A0-9F3D-457C-B088-3A5042F75D52}") = "Bai020", "Bai020\Bai020.pyproj", "{95D016B1-BED0-421E-8EF9-DA9DE2E63773}"
EndProject
Project("{888888A0-9F3D-457C-B088-3A5042F75D52}") = "Bai026", "Bai026\Bai026.pyproj", "{88C186DE-C913-42F7-8895-EBF2F64F2002}"
EndProject
Project("{888888A0-9F3D-457C-B088-3A5042F75D52}") = "Bai032", "Bai032\Bai032.pyproj", "{970C693D-FB9A-470F-8C88-14911C7AD080}"
EndProject
Project("{888888A0-9F3D-457C-B088-3A5042F75D52}") = "Bai038", "Bai038\Bai038.pyproj", "{6C99FFFB-B5AD-4E24-9474-1A3BD83D2085}"
EndProject
Project("{888888A0-9F3D-457C-B088-3A5042F75D52}") = "Bai044", "Bai044\Bai044.pyproj", "{EE6922CE-0DA7-477B-B0CC-0F41907EB06D}"
EndProject
Project("{888888A0-9F3D-457C-B088-3A5042F75D52}") = "Bai050", "Bai050\Bai050.pyproj", "{35303CFC-337E-47FE-98CC-39CC13E5E6F3}"
EndProject
Project("{888888A0-9F3D-457C-B088-3A5042F75D52}") = "Bai056", "Bai056\Bai056.pyproj", "{43757EF4-F235-4BCC-9C8B-184FEC855E2F}"
EndProject
Project("{888888A0-9F3D-457C-B088-3A5042F75D52}") = "Bai062", "Bai062\Bai062.pyproj", "{80CC31B6-EF05-4EBB-A816-1D47AD1A99EE}"
EndProject
Project("{888888A0-9F3D-457C-B088-3A5042F75D52}") = "Bai006", "Bai006\Bai006.pyproj", "{042D5DE4-64C5-490D-887F-0F9280A30553}"
EndProject
Project("{888888A0-9F3D-457C-B088-3A5042F75D52}") = "Bai012", "Bai012\Bai012.pyproj", "{57C68579-4B3D-428C-8589-0E5C418407BF}"
EndProject
Project("{888888A0-9F3D-457C-B088-3A5042F75D52}") = "Bai018", "Bai018\Bai018.pyproj", "{9AC67905-4233-4814-94BE-212B08205152}"
EndProject
Project("{888888A0-9F3D-457C-B088-3A5042F75D52}") = "Bai024", "Bai024\Bai024.pyproj", "{A726FF0B-C0CD-47F0-A646-D98440C02768}"
EndProject
Project("{888888A0-9F3D-457C-B088-3A5042F75D52}") = "Bai030", "Bai030\Bai030.pyproj", "{B4A42DF9-72BE-431B-BAA0-C4290D03AA47}"
EndProject
Project("{888888A0-9F3D-457C-B088-3A5042F75D52}") = "Bai036", "Bai036\Bai036.pyproj", "{367605F4-205B-42CA-9467-D170208C4160}"
EndProject
Project("{888888A0-9F3D-457C-B088-3A5042F75D52}") = "Bai004", "Bai004\Bai004.pyproj", "{1FF3A945-DFF4-432B-B422-2CCBE5C2CB72}"
EndProject
Project("{888888A0-9F3D-457C-B088-3A5042F75D52}") = "Bai010", "Bai010\Bai010.pyproj", "{B9D962A9-FE19-4430-BEE6-9DB3A29ADAF2}"
EndProject
Project("{888888A0-9F3D-457C-B088-3A5042F75D52}") = "Bai016", "Bai016\Bai016.pyproj", "{B1E8D955-4EE6-43A5-931C-C3D4F2B87958}"
EndProject
Project("{888888A0-9F3D-457C-B088-3A5042F75D52}") = "Bai022", "Bai022\Bai022.pyproj", "{AF4EB247-9C2F-4E1E-B60C-393DF258D1A6}"
EndProject
Project("{888888A0-9F3D-457C-B088-3A5042F75D52}") = "Bai028", "Bai028\Bai028.pyproj", "{3AD15287-9550-4B83-98BB-F8E1401C9984}"
EndProject
Project("{888888A0-9F3D-457C-B088-3A5042F75D52}") = "Bai034", "Bai034\Bai034.pyproj", "{6D33603E-749F-4315-B8EA-7A5E8D92A089}"
EndProject
Project("{888888A0-9F3D-457C-B088-3A5042F75D52}") = "Bai040", "Bai040\Bai040.pyproj", "{62D35A32-9CAB-43D9-A6BC-0AF6446DCF1C}"
EndProject
Project("{888888A0-9F3D-457C-B088-3A5042F75D52}") = "Bai046", "Bai046\Bai046.pyproj", "{4B2F68DC-CD12-436C-9D1B-733F0D181E57}"
EndProject
Project("{888888A0-9F3D-457C-B088-3A5042F75D52}") = "Bai052", "Bai052\Bai052.pyproj", "{F192EA45-D331-4ABD-90B4-1E28BEE7F164}"
EndProject
Project("{888888A0-9F3D-457C-B088-3A5042F75D52}") = "Bai058", "Bai058\Bai058.pyproj", "{1B0DDA79-0D2C-4A07-9264-414C109BAB8E}"
EndProject
Project("{888888A0-9F3D-457C-B088-3A5042F75D52}") = "Bai064", "Bai064\Bai064.pyproj", "{490DC494-4888-4110-BF24-84802A2A1D93}"
EndProject
Project("{888888A0-9F3D-457C-B088-3A5042F75D52}") = "Bai070", "Bai070\Bai070.pyproj", "{CAB760EC-5FD5-4D63-A99D-44672A181694}"
EndProject
Project("{888888A0-9F3D-457C-B088-3A5042F75D52}") = "Bai076", "Bai076\Bai076.pyproj", "{5F7C95DD-D724-444B-B543-93E74C921DAD}"
EndProject
Project("{888888A0-9F3D-457C-B088-3A5042F75D52}") = "Bai082", "Bai082\Bai082.pyproj", "{15106A36-375B-4C3B-80A8-466453E9EA8C}"
EndProject
Project("{888888A0-9F3D-457C-B088-3A5042F75D52}") = "Bai088", "Bai088\Bai088.pyproj", "{14435B9E-3879-4921-A60A-6E884CC72CC3}"
EndProject
Project("{888888A0-9F3D-457C-B088-3A5042F75D52}") = "Bai094", "Bai094\Bai094.pyproj", "{95962169-0436-4E8C-8EFE-7345141F60EC}"
EndProject
Project("{888888A0-9F3D-457C-B088-3A5042F75D52}") = "Bai100", "Bai100\Bai100.pyproj", "{8B721AC0-5E7A-4B7B-B7DF-162922F78132}"
EndProject
Project("{888888A0-9F3D-457C-B088-3A5042F75D52}") = "Bai106", "Bai106\Bai106.pyproj", "{F191DB73-6E5D-43BB-95C7-02E4DA9349EE}"
EndProject
Project("{888888A0-9F3D-457C-B088-3A5042F75D52}") = "Bai112", "Bai112\Bai112.pyproj", "{09956042-6960-4C5E-9B11-F436197B4F61}"
EndProject
Project("{888888A0-9F3D-457C-B088-3A5042F75D52}") = "Bai118", "Bai118\Bai118.pyproj", "{799D642A-6364-47E7-8E85-970035193029}"
EndProject
Project("{888888A0-9F3D-457C-B088-3A5042F75D52}") = "Bai124", "Bai124\Bai124.pyproj", "{07805E64-3DF5-4FB6-B69C-F7BA1CF6E73C}"
EndProject
Project("{888888A0-9F3D-457C-B088-3A5042F75D52}") = "Bai130", "Bai130\Bai130.pyproj", "{8A49C9FB-D23A-4812-AA57-F5CFA2223A8F}"
EndProject
Project("{888888A0-9F3D-457C-B088-3A5042F75D52}") = "Bai136", "Bai136\Bai136.pyproj", "{1636F5B5-B04C-4A2A-AA8A-A106884ECFEA}"
EndProject
Project("{888888A0-9F3D-457C-B088-3A5042F75D52}") = "Bai142", "Bai142\Bai142.pyproj", "{ED19FBA2-1751-4C2A-95ED-B9786184AABA}"
EndProject
Project("{888888A0-9F3D-457C-B088-3A5042F75D52}") = "Bai148", "Bai148\Bai148.pyproj", "{86D1E0D7-E5AC-4AAE-8AC0-A7E467D53B74}"
EndProject
Project("{888888A0-9F3D-457C-B088-3A5042F75D52}") = "Bai154", "Bai154\Bai154.pyproj", "{74EEFAC4-6B04-4467-AB6D-0355AB067FD1}"
EndProject
Project("{888888A0-9F3D-457C-B088-3A5042F75D52}") = "Bai031", "Bai031\Bai031.pyproj", "{F083E7C2-BF40-40AB-A21A-70ADD9FEF23F}"
EndProject
Project("{888888A0-9F3D-457C-B088-3A5042F75D52}") = "Bai021", "Bai021\Bai021.pyproj", "{E77CC293-89B4-48F7-AF23-5B93CAA34AF5}"
EndProject
Project("{888888A0-9F3D-457C-B088-3A5042F75D52}") = "Bai051", "Bai051\Bai051.pyproj", "{1360B616-72E5-482D-969D-AA0F0812AE60}"
EndProject
Project("{888888A0-9F3D-457C-B088-3A5042F75D52}") = "Bai061", "Bai061\Bai061.pyproj", "{7DC97D13-E6CA-47D4-826F-B064A7F1D949}"
EndProject
Project("{888888A0-9F3D-457C-B088-3A5042F75D52}") = "Bai081", "Bai081\Bai081.pyproj", "{EEB466B5-B21C-4162-B19E-776862AF529C}"
EndProject
Project("{888888A0-9F3D-457C-B088-3A5042F75D52}") = "Bai091", "Bai091\Bai091.pyproj", "{78233905-8031-4E90-8289-DAFDAFCDC06A}"
EndProject
Project("{888888A0-9F3D-457C-B088-3A5042F75D52}") = "Bai111", "Bai111\Bai111.pyproj", "{C0059251-06D3-43B6-9F30-4C1531972E50}"
EndProject
Project("{888888A0-9F3D-457C-B088-3A5042F75D52}") = "Bai121", "Bai121\Bai121.pyproj", "{0E7B7D51-EE35-46FB-97F4-1865CA9C561C}"
EndProject
Project("{888888A0-9F3D-457C-B088-3A5042F75D52}") = "Bai141", "Bai141\Bai141.pyproj", "{C5586D8B-00F9-4430-B416-7F61308FB6F0}"
EndProject
Project("{888888A0-9F3D-457C-B088-3A5042F75D52}") = "Bai151", "Bai151\Bai151.pyproj", "{03504C64-8311-4D5E-AAD4-ED30707787BB}"
EndProject
Project("{888888A0-9F3D-457C-B088-3A5042F75D52}") = "Bai042", "Bai042\Bai042.pyproj", "{78B188A3-4085-4B4D-8192-C7DB60879A77}"
EndProject
Project("{888888A0-9F3D-457C-B088-3A5042F75D52}") = "Bai048", "Bai048\Bai048.pyproj", "{1AB8EE27-6C2C-4992-BC3A-DEB3F4759D1B}"
EndProject
Project("{888888A0-9F3D-457C-B088-3A5042F75D52}") = "Bai054", "Bai054\Bai054.pyproj", "{A95CE4E6-239F-4A18-9B5B-47067B8250DE}"
EndProject
Project("{888888A0-9F3D-457C-B088-3A5042F75D52}") = "Bai060", "Bai060\Bai060.pyproj", "{852975AB-1D5D-4A0B-BD90-84781043AB86}"
EndProject
Project("{888888A0-9F3D-457C-B088-3A5042F75D52}") = "Bai066", "Bai066\Bai066.pyproj", "{DD830EAA-F5E4-4DA0-B70E-76877F0E02E7}"
EndProject
Project("{888888A0-9F3D-457C-B088-3A5042F75D52}") = "Bai072", "Bai072\Bai072.pyproj", "{4E1FD51C-1F67-46EF-98F4-28498424B409}"
EndProject
Project("{888888A0-9F3D-457C-B088-3A5042F75D52}") = "Bai078", "Bai078\Bai078.pyproj", "{74035C95-05F0-4473-BA16-C235F2AA61B4}"
EndProject
Project("{888888A0-9F3D-457C-B088-3A5042F75D52}") = "Bai084", "Bai084\Bai084.pyproj", "{2151AFFF-DF56-4BF2-9C06-8204EAEA25A5}"
EndProject
Project("{888888A0-9F3D-457C-B088-3A5042F75D52}") = "Bai090", "Bai090\Bai090.pyproj", "{D294688C-B83F-48D3-BB34-28A0D0C069BB}"
EndProject
Project("{888888A0-9F3D-457C-B088-3A5042F75D52}") = "Bai096", "Bai096\Bai096.pyproj", "{CD57CA94-A270-47F2-A3E0-2B6C9F787FE7}"
EndProject
Project("{888888A0-9F3D-457C-B088-3A5042F75D52}") = "Bai102", "Bai102\Bai102.pyproj", "{90BAD826-68BB-4A2E-822C-E3EFCE4AC955}"
EndProject
Project("{888888A0-9F3D-457C-B088-3A5042F75D52}") = "Bai108", "Bai108\Bai108.pyproj", "{C4D4791D-D70B-4F70-8D4B-5EC207AA5185}"
EndProject
Project("{888888A0-9F3D-457C-B088-3A5042F75D52}") = "Bai114", "Bai114\Bai114.pyproj", "{19086F9E-1C80-4D61-9502-7B07BB23A978}"
EndProject
Project("{888888A0-9F3D-457C-B088-3A5042F75D52}") = "Bai120", "Bai120\Bai120.pyproj", "{947EDABD-889B-4ED2-B94C-8AA9A52DE143}"
EndProject
Project("{888888A0-9F3D-457C-B088-3A5042F75D52}") = "Bai126", "Bai126\Bai126.pyproj", "{DABD0F06-A9CF-44EB-A9DA-71C8C05C23D9}"
EndProject
Project("{888888A0-9F3D-457C-B088-3A5042F75D52}") = "Bai132", "Bai132\Bai132.pyproj", "{BAEE2CCD-2D8E-454E-AE16-6D8229D0B421}"
EndProject
Project("{888888A0-9F3D-457C-B088-3A5042F75D52}") = "Bai138", "Bai138\Bai138.pyproj", "{39224B91-04B5-468D-B546-564E566112D8}"
EndProject
Project("{888888A0-9F3D-457C-B088-3A5042F75D52}") = "Bai144", "Bai144\Bai144.pyproj", "{949806D2-2C4D-4DE4-9133-AD275C78DEAE}"
EndProject
Project("{888888A0-9F3D-457C-B088-3A5042F75D52}") = "Bai150", "Bai150\Bai150.pyproj", "{BF83437E-CA89-42E0-9D40-331F05790389}"
EndProject
Global
	GlobalSection(SolutionConfigurationPlatforms) = preSolution
		Debug|Any CPU = Debug|Any CPU
		Release|Any CPU = Release|Any CPU
	EndGlobalSection
	GlobalSection(ProjectConfigurationPlatforms) = postSolution
		{8AD1FECA-1D3F-4854-A171-B3FD5ED0DDA3}.Debug|Any CPU.ActiveCfg = Debug|Any CPU
		{8AD1FECA-1D3F-4854-A171-B3FD5ED0DDA3}.Release|Any CPU.ActiveCfg = Release|Any CPU
		{D3DB06D4-3DFB-4572-969E-9AB48CC8E9CE}.Debug|Any CPU.ActiveCfg = Debug|Any CPU
		{D3DB06D4-3DFB-4572-969E-9AB48CC8E9CE}.Release|Any CPU.ActiveCfg = Release|Any CPU
		{8D033853-8F89-4EEE-A7B2-82D79A286158}.Debug|Any CPU.ActiveCfg = Debug|Any CPU
		{8D033853-8F89-4EEE-A7B2-82D79A286158}.Release|Any CPU.ActiveCfg = Release|Any CPU
		{40A60FFC-510B-4055-B60C-3B2F4BCACD65}.Debug|Any CPU.ActiveCfg = Debug|Any CPU
		{40A60FFC-510B-4055-B60C-3B2F4BCACD65}.Release|Any CPU.ActiveCfg = Release|Any CPU
		{01475D24-B02C-4841-9B14-52714F59CDC5}.Debug|Any CPU.ActiveCfg = Debug|Any CPU
		{01475D24-B02C-4841-9B14-52714F59CDC5}.Release|Any CPU.ActiveCfg = Release|Any CPU
		{F03FBA3E-2C22-44BE-8E82-54B5E62E7A02}.Debug|Any CPU.ActiveCfg = Debug|Any CPU
		{F03FBA3E-2C22-44BE-8E82-54B5E62E7A02}.Release|Any CPU.ActiveCfg = Release|Any CPU
		{D1C05167-9FA0-4943-A2C5-AD7F956ADCC7}.Debug|Any CPU.ActiveCfg = Debug|Any CPU
		{D1C05167-9FA0-4943-A2C5-AD7F956ADCC7}.Release|Any CPU.ActiveCfg = Release|Any CPU
		{227302A9-EC54-4245-B5FE-0F03613AB594}.Debug|Any CPU.ActiveCfg = Debug|Any CPU
		{227302A9-EC54-4245-B5FE-0F03613AB594}.Release|Any CPU.ActiveCfg = Release|Any CPU
		{BB66C38C-B5AF-40B5-8D38-526F862AC7E8}.Debug|Any CPU.ActiveCfg = Debug|Any CPU
		{BB66C38C-B5AF-40B5-8D38-526F862AC7E8}.Release|Any CPU.ActiveCfg = Release|Any CPU
		{930F169D-B6BD-4985-A63E-509083DBB5F5}.Debug|Any CPU.ActiveCfg = Debug|Any CPU
		{930F169D-B6BD-4985-A63E-509083DBB5F5}.Release|Any CPU.ActiveCfg = Release|Any CPU
		{69AB0207-B79A-4302-9863-F174FD4F23B4}.Debug|Any CPU.ActiveCfg = Debug|Any CPU
		{69AB0207-B79A-4302-9863-F174FD4F23B4}.Release|Any CPU.ActiveCfg = Release|Any CPU
		{D2A6AA27-9BB2-4E98-953C-CCD0F61CF3B0}.Debug|Any CPU.ActiveCfg = Debug|Any CPU
		{D2A6AA27-9BB2-4E98-953C-CCD0F61CF3B0}.Release|Any CPU.ActiveCfg = Release|Any CPU
		{BBF6A769-2AC6-4982-A99D-B8848A6219F4}.Debug|Any CPU.ActiveCfg = Debug|Any CPU
		{BBF6A769-2AC6-4982-A99D-B8848A6219F4}.Release|Any CPU.ActiveCfg = Release|Any CPU
		{370E4E91-6E04-4FE8-9213-A40582FC1DF4}.Debug|Any CPU.ActiveCfg = Debug|Any CPU
		{370E4E91-6E04-4FE8-9213-A40582FC1DF4}.Release|Any CPU.ActiveCfg = Release|Any CPU
		{B58C7D95-DF09-4083-90AA-7C48B5645A11}.Debug|Any CPU.ActiveCfg = Debug|Any CPU
		{B58C7D95-DF09-4083-90AA-7C48B5645A11}.Release|Any CPU.ActiveCfg = Release|Any CPU
		{CDB63D20-88D5-41DA-B399-E6AD3C825D86}.Debug|Any CPU.ActiveCfg = Debug|Any CPU
		{CDB63D20-88D5-41DA-B399-E6AD3C825D86}.Release|Any CPU.ActiveCfg = Release|Any CPU
		{0592ED57-7375-426E-82C6-82763A9FB346}.Debug|Any CPU.ActiveCfg = Debug|Any CPU
		{0592ED57-7375-426E-82C6-82763A9FB346}.Release|Any CPU.ActiveCfg = Release|Any CPU
		{5B3472F8-7D97-4335-84F0-72B595D42FA0}.Debug|Any CPU.ActiveCfg = Debug|Any CPU
		{5B3472F8-7D97-4335-84F0-72B595D42FA0}.Release|Any CPU.ActiveCfg = Release|Any CPU
		{1C2FAA16-93D4-4B26-9F8B-009E9289921F}.Debug|Any CPU.ActiveCfg = Debug|Any CPU
		{1C2FAA16-93D4-4B26-9F8B-009E9289921F}.Release|Any CPU.ActiveCfg = Release|Any CPU
		{01CFA09D-F9B8-40EA-A183-973DE8F13C18}.Debug|Any CPU.ActiveCfg = Debug|Any CPU
		{01CFA09D-F9B8-40EA-A183-973DE8F13C18}.Release|Any CPU.ActiveCfg = Release|Any CPU
		{04B5CADE-2EAA-464F-BB0B-DC563FBF59A2}.Debug|Any CPU.ActiveCfg = Debug|Any CPU
		{04B5CADE-2EAA-464F-BB0B-DC563FBF59A2}.Release|Any CPU.ActiveCfg = Release|Any CPU
		{044B02DF-FFCB-4EA2-84FC-0E18A7722FB1}.Debug|Any CPU.ActiveCfg = Debug|Any CPU
		{044B02DF-FFCB-4EA2-84FC-0E18A7722FB1}.Release|Any CPU.ActiveCfg = Release|Any CPU
		{748B5D48-BFD9-4346-BDF6-1749EF1E1A7D}.Debug|Any CPU.ActiveCfg = Debug|Any CPU
		{748B5D48-BFD9-4346-BDF6-1749EF1E1A7D}.Release|Any CPU.ActiveCfg = Release|Any CPU
		{D731D2AC-122E-41E1-8621-1A21DECA2A44}.Debug|Any CPU.ActiveCfg = Debug|Any CPU
		{D731D2AC-122E-41E1-8621-1A21DECA2A44}.Release|Any CPU.ActiveCfg = Release|Any CPU
		{7F66FEC9-32B7-464D-8430-7DC433E55224}.Debug|Any CPU.ActiveCfg = Debug|Any CPU
		{7F66FEC9-32B7-464D-8430-7DC433E55224}.Release|Any CPU.ActiveCfg = Release|Any CPU
		{201DB03F-4C63-4ADA-972E-F3CCC7226FA0}.Debug|Any CPU.ActiveCfg = Debug|Any CPU
		{201DB03F-4C63-4ADA-972E-F3CCC7226FA0}.Release|Any CPU.ActiveCfg = Release|Any CPU
		{8D7385BA-B3F6-439D-BD23-12F4773AFD76}.Debug|Any CPU.ActiveCfg = Debug|Any CPU
		{8D7385BA-B3F6-439D-BD23-12F4773AFD76}.Release|Any CPU.ActiveCfg = Release|Any CPU
		{204ED6F0-FA74-4E5E-853F-CE6B4E9C5422}.Debug|Any CPU.ActiveCfg = Debug|Any CPU
		{204ED6F0-FA74-4E5E-853F-CE6B4E9C5422}.Release|Any CPU.ActiveCfg = Release|Any CPU
		{D6414AFA-E24A-4A95-852F-6994C0E9090D}.Debug|Any CPU.ActiveCfg = Debug|Any CPU
		{D6414AFA-E24A-4A95-852F-6994C0E9090D}.Release|Any CPU.ActiveCfg = Release|Any CPU
		{25D28D5E-DA15-4103-AF0F-03F27139299C}.Debug|Any CPU.ActiveCfg = Debug|Any CPU
		{25D28D5E-DA15-4103-AF0F-03F27139299C}.Release|Any CPU.ActiveCfg = Release|Any CPU
		{71B0DD63-BFA2-4910-A3F3-CFC1E733F2B8}.Debug|Any CPU.ActiveCfg = Debug|Any CPU
		{71B0DD63-BFA2-4910-A3F3-CFC1E733F2B8}.Release|Any CPU.ActiveCfg = Release|Any CPU
		{3FF3E799-DD70-4990-B858-7084502AFA00}.Debug|Any CPU.ActiveCfg = Debug|Any CPU
		{3FF3E799-DD70-4990-B858-7084502AFA00}.Release|Any CPU.ActiveCfg = Release|Any CPU
		{0AA44441-0DA3-4436-A8D7-D377FAC3E8C7}.Debug|Any CPU.ActiveCfg = Debug|Any CPU
		{0AA44441-0DA3-4436-A8D7-D377FAC3E8C7}.Release|Any CPU.ActiveCfg = Release|Any CPU
		{47CA55DC-126A-4013-81D3-3C534440A90D}.Debug|Any CPU.ActiveCfg = Debug|Any CPU
		{47CA55DC-126A-4013-81D3-3C534440A90D}.Release|Any CPU.ActiveCfg = Release|Any CPU
		{6ACBDE7D-A420-4D11-BA49-A99ECA481BF6}.Debug|Any CPU.ActiveCfg = Debug|Any CPU
		{6ACBDE7D-A420-4D11-BA49-A99ECA481BF6}.Release|Any CPU.ActiveCfg = Release|Any CPU
		{8C2C139D-C8A1-454F-AB37-199BD46F5C96}.Debug|Any CPU.ActiveCfg = Debug|Any CPU
		{8C2C139D-C8A1-454F-AB37-199BD46F5C96}.Release|Any CPU.ActiveCfg = Release|Any CPU
		{22CF8003-4276-4E6C-A901-5C94E58A1317}.Debug|Any CPU.ActiveCfg = Debug|Any CPU
		{22CF8003-4276-4E6C-A901-5C94E58A1317}.Release|Any CPU.ActiveCfg = Release|Any CPU
		{60C91609-0DCD-418E-9545-02DC8B9FCBD1}.Debug|Any CPU.ActiveCfg = Debug|Any CPU
		{60C91609-0DCD-418E-9545-02DC8B9FCBD1}.Release|Any CPU.ActiveCfg = Release|Any CPU
		{4D5CFC9A-486A-4024-9827-A9E52A8E5C07}.Debug|Any CPU.ActiveCfg = Debug|Any CPU
		{4D5CFC9A-486A-4024-9827-A9E52A8E5C07}.Release|Any CPU.ActiveCfg = Release|Any CPU
		{C5C0F6AD-77BB-4C3A-8C14-FA7F04BC011C}.Debug|Any CPU.ActiveCfg = Debug|Any CPU
		{C5C0F6AD-77BB-4C3A-8C14-FA7F04BC011C}.Release|Any CPU.ActiveCfg = Release|Any CPU
		{F46A686E-7398-4E2F-A036-6A28A880758B}.Debug|Any CPU.ActiveCfg = Debug|Any CPU
		{F46A686E-7398-4E2F-A036-6A28A880758B}.Release|Any CPU.ActiveCfg = Release|Any CPU
		{0B92D479-F487-47E9-93BB-583797CBE4D6}.Debug|Any CPU.ActiveCfg = Debug|Any CPU
		{0B92D479-F487-47E9-93BB-583797CBE4D6}.Release|Any CPU.ActiveCfg = Release|Any CPU
		{66D228F5-5F8F-4B38-8A54-D556D8A0F29A}.Debug|Any CPU.ActiveCfg = Debug|Any CPU
		{66D228F5-5F8F-4B38-8A54-D556D8A0F29A}.Release|Any CPU.ActiveCfg = Release|Any CPU
		{F9288A84-3BB5-4083-AF27-79D40F249F3A}.Debug|Any CPU.ActiveCfg = Debug|Any CPU
		{F9288A84-3BB5-4083-AF27-79D40F249F3A}.Release|Any CPU.ActiveCfg = Release|Any CPU
		{58CEC2C0-F9BD-47F8-B34E-F169A6223D61}.Debug|Any CPU.ActiveCfg = Debug|Any CPU
		{58CEC2C0-F9BD-47F8-B34E-F169A6223D61}.Release|Any CPU.ActiveCfg = Release|Any CPU
		{9CA754E5-4A85-43BE-9E30-3BBAF57CA91D}.Debug|Any CPU.ActiveCfg = Debug|Any CPU
		{9CA754E5-4A85-43BE-9E30-3BBAF57CA91D}.Release|Any CPU.ActiveCfg = Release|Any CPU
		{A850D135-66B5-45C2-AC0F-E6077A891088}.Debug|Any CPU.ActiveCfg = Debug|Any CPU
		{A850D135-66B5-45C2-AC0F-E6077A891088}.Release|Any CPU.ActiveCfg = Release|Any CPU
		{F0E25435-C85B-46C2-839E-EC23F57ED6E1}.Debug|Any CPU.ActiveCfg = Debug|Any CPU
		{F0E25435-C85B-46C2-839E-EC23F57ED6E1}.Release|Any CPU.ActiveCfg = Release|Any CPU
		{2429C12B-FFC4-4F62-8D49-E8CF62FF64CD}.Debug|Any CPU.ActiveCfg = Debug|Any CPU
		{2429C12B-FFC4-4F62-8D49-E8CF62FF64CD}.Release|Any CPU.ActiveCfg = Release|Any CPU
		{95D016B1-BED0-421E-8EF9-DA9DE2E63773}.Debug|Any CPU.ActiveCfg = Debug|Any CPU
		{95D016B1-BED0-421E-8EF9-DA9DE2E63773}.Release|Any CPU.ActiveCfg = Release|Any CPU
		{88C186DE-C913-42F7-8895-EBF2F64F2002}.Debug|Any CPU.ActiveCfg = Debug|Any CPU
		{88C186DE-C913-42F7-8895-EBF2F64F2002}.Release|Any CPU.ActiveCfg = Release|Any CPU
		{970C693D-FB9A-470F-8C88-14911C7AD080}.Debug|Any CPU.ActiveCfg = Debug|Any CPU
		{970C693D-FB9A-470F-8C88-14911C7AD080}.Release|Any CPU.ActiveCfg = Release|Any CPU
		{6C99FFFB-B5AD-4E24-9474-1A3BD83D2085}.Debug|Any CPU.ActiveCfg = Debug|Any CPU
		{6C99FFFB-B5AD-4E24-9474-1A3BD83D2085}.Release|Any CPU.ActiveCfg = Release|Any CPU
		{EE6922CE-0DA7-477B-B0CC-0F41907EB06D}.Debug|Any CPU.ActiveCfg = Debug|Any CPU
		{EE6922CE-0DA7-477B-B0CC-0F41907EB06D}.Release|Any CPU.ActiveCfg = Release|Any CPU
		{35303CFC-337E-47FE-98CC-39CC13E5E6F3}.Debug|Any CPU.ActiveCfg = Debug|Any CPU
		{35303CFC-337E-47FE-98CC-39CC13E5E6F3}.Release|Any CPU.ActiveCfg = Release|Any CPU
		{43757EF4-F235-4BCC-9C8B-184FEC855E2F}.Debug|Any CPU.ActiveCfg = Debug|Any CPU
		{43757EF4-F235-4BCC-9C8B-184FEC855E2F}.Release|Any CPU.ActiveCfg = Release|Any CPU
		{80CC31B6-EF05-4EBB-A816-1D47AD1A99EE}.Debug|Any CPU.ActiveCfg = Debug|Any CPU
		{80CC31B6-EF05-4EBB-A816-1D47AD1A99EE}.Release|Any CPU.ActiveCfg = Release|Any CPU
		{042D5DE4-64C5-490D-887F-0F9280A30553}.Debug|Any CPU.ActiveCfg = Debug|Any CPU
		{042D5DE4-64C5-490D-887F-0F9280A30553}.Release|Any CPU.ActiveCfg = Release|Any CPU
		{57C68579-4B3D-428C-8589-0E5C418407BF}.Debug|Any CPU.ActiveCfg = Debug|Any CPU
		{57C68579-4B3D-428C-8589-0E5C418407BF}.Release|Any CPU.ActiveCfg = Release|Any CPU
		{9AC67905-4233-4814-94BE-212B08205152}.Debug|Any CPU.ActiveCfg = Debug|Any CPU
		{9AC67905-4233-4814-94BE-212B08205152}.Release|Any CPU.ActiveCfg = Release|Any CPU
		{A726FF0B-C0CD-47F0-A646-D98440C02768}.Debug|Any CPU.ActiveCfg = Debug|Any CPU
		{A726FF0B-C0CD-47F0-A646-D98440C02768}.Release|Any CPU.ActiveCfg = Release|Any CPU
		{B4A42DF9-72BE-431B-BAA0-C4290D03AA47}.Debug|Any CPU.ActiveCfg = Debug|Any CPU
		{B4A42DF9-72BE-431B-BAA0-C4290D03AA47}.Release|Any CPU.ActiveCfg = Release|Any CPU
		{367605F4-205B-42CA-9467-D170208C4160}.Debug|Any CPU.ActiveCfg = Debug|Any CPU
		{367605F4-205B-42CA-9467-D170208C4160}.Release|Any CPU.ActiveCfg = Release|Any CPU
		{1FF3A945-DFF4-432B-B422-2CCBE5C2CB72}.Debug|Any CPU.ActiveCfg = Debug|Any CPU
		{1FF3A945-DFF4-432B-B422-2CCBE5C2CB72}.Release|Any CPU.ActiveCfg = Release|Any CPU
		{B9D962A9-FE19-4430-BEE6-9DB3A29ADAF2}.Debug|Any CPU.ActiveCfg = Debug|Any CPU
		{B9D962A9-FE19-4430-BEE6-9DB3A29ADAF2}.Release|Any CPU.ActiveCfg = Release|Any CPU
		{B1E8D955-4EE6-43A5-931C-C3D4F2B87958}.Debug|Any CPU.ActiveCfg = Debug|Any CPU
		{B1E8D955-4EE6-43A5-931C-C3D4F2B87958}.Release|Any CPU.ActiveCfg = Release|Any CPU
		{AF4EB247-9C2F-4E1E-B60C-393DF258D1A6}.Debug|Any CPU.ActiveCfg = Debug|Any CPU
		{AF4EB247-9C2F-4E1E-B60C-393DF258D1A6}.Release|Any CPU.ActiveCfg = Release|Any CPU
		{3AD15287-9550-4B83-98BB-F8E1401C9984}.Debug|Any CPU.ActiveCfg = Debug|Any CPU
		{3AD15287-9550-4B83-98BB-F8E1401C9984}.Release|Any CPU.ActiveCfg = Release|Any CPU
		{6D33603E-749F-4315-B8EA-7A5E8D92A089}.Debug|Any CPU.ActiveCfg = Debug|Any CPU
		{6D33603E-749F-4315-B8EA-7A5E8D92A089}.Release|Any CPU.ActiveCfg = Release|Any CPU
		{62D35A32-9CAB-43D9-A6BC-0AF6446DCF1C}.Debug|Any CPU.ActiveCfg = Debug|Any CPU
		{62D35A32-9CAB-43D9-A6BC-0AF6446DCF1C}.Release|Any CPU.ActiveCfg = Release|Any CPU
		{4B2F68DC-CD12-436C-9D1B-733F0D181E57}.Debug|Any CPU.ActiveCfg = Debug|Any CPU
		{4B2F68DC-CD12-436C-9D1B-733F0D181E57}.Release|Any CPU.ActiveCfg = Release|Any CPU
		{F192EA45-D331-4ABD-90B4-1E28BEE7F164}.Debug|Any CPU.ActiveCfg = Debug|Any CPU
		{F192EA45-D331-4ABD-90B4-1E28BEE7F164}.Release|Any CPU.ActiveCfg = Release|Any CPU
		{1B0DDA79-0D2C-4A07-9264-414C109BAB8E}.Debug|Any CPU.ActiveCfg = Debug|Any CPU
		{1B0DDA79-0D2C-4A07-9264-414C109BAB8E}.Release|Any CPU.ActiveCfg = Release|Any CPU
		{490DC494-4888-4110-BF24-84802A2A1D93}.Debug|Any CPU.ActiveCfg = Debug|Any CPU
		{490DC494-4888-4110-BF24-84802A2A1D93}.Release|Any CPU.ActiveCfg = Release|Any CPU
		{CAB760EC-5FD5-4D63-A99D-44672A181694}.Debug|Any CPU.ActiveCfg = Debug|Any CPU
		{CAB760EC-5FD5-4D63-A99D-44672A181694}.Release|Any CPU.ActiveCfg = Release|Any CPU
		{5F7C95DD-D724-444B-B543-93E74C921DAD}.Debug|Any CPU.ActiveCfg = Debug|Any CPU
		{5F7C95DD-D724-444B-B543-93E74C921DAD}.Release|Any CPU.ActiveCfg = Release|Any CPU
		{15106A36-375B-4C3B-80A8-466453E9EA8C}.Debug|Any CPU.ActiveCfg = Debug|Any CPU
		{15106A36-375B-4C3B-80A8-466453E9EA8C}.Release|Any CPU.ActiveCfg = Release|Any CPU
		{14435B9E-3879-4921-A60A-6E884CC72CC3}.Debug|Any CPU.ActiveCfg = Debug|Any CPU
		{14435B9E-3879-4921-A60A-6E884CC72CC3}.Release|Any CPU.ActiveCfg = Release|Any CPU
		{95962169-0436-4E8C-8EFE-7345141F60EC}.Debug|Any CPU.ActiveCfg = Debug|Any CPU
		{95962169-0436-4E8C-8EFE-7345141F60EC}.Release|Any CPU.ActiveCfg = Release|Any CPU
		{8B721AC0-5E7A-4B7B-B7DF-162922F78132}.Debug|Any CPU.ActiveCfg = Debug|Any CPU
		{8B721AC0-5E7A-4B7B-B7DF-162922F78132}.Release|Any CPU.ActiveCfg = Release|Any CPU
		{F191DB73-6E5D-43BB-95C7-02E4DA9349EE}.Debug|Any CPU.ActiveCfg = Debug|Any CPU
		{F191DB73-6E5D-43BB-95C7-02E4DA9349EE}.Release|Any CPU.ActiveCfg = Release|Any CPU
		{09956042-6960-4C5E-9B11-F436197B4F61}.Debug|Any CPU.ActiveCfg = Debug|Any CPU
		{09956042-6960-4C5E-9B11-F436197B4F61}.Release|Any CPU.ActiveCfg = Release|Any CPU
		{799D642A-6364-47E7-8E85-970035193029}.Debug|Any CPU.ActiveCfg = Debug|Any CPU
		{799D642A-6364-47E7-8E85-970035193029}.Release|Any CPU.ActiveCfg = Release|Any CPU
		{07805E64-3DF5-4FB6-B69C-F7BA1CF6E73C}.Debug|Any CPU.ActiveCfg = Debug|Any CPU
		{07805E64-3DF5-4FB6-B69C-F7BA1CF6E73C}.Release|Any CPU.ActiveCfg = Release|Any CPU
		{8A49C9FB-D23A-4812-AA57-F5CFA2223A8F}.Debug|Any CPU.ActiveCfg = Debug|Any CPU
		{8A49C9FB-D23A-4812-AA57-F5CFA2223A8F}.Release|Any CPU.ActiveCfg = Release|Any CPU
		{1636F5B5-B04C-4A2A-AA8A-A106884ECFEA}.Debug|Any CPU.ActiveCfg = Debug|Any CPU
		{1636F5B5-B04C-4A2A-AA8A-A106884ECFEA}.Release|Any CPU.ActiveCfg = Release|Any CPU
		{ED19FBA2-1751-4C2A-95ED-B9786184AABA}.Debug|Any CPU.ActiveCfg = Debug|Any CPU
		{ED19FBA2-1751-4C2A-95ED-B9786184AABA}.Release|Any CPU.ActiveCfg = Release|Any CPU
		{86D1E0D7-E5AC-4AAE-8AC0-A7E467D53B74}.Debug|Any CPU.ActiveCfg = Debug|Any CPU
		{86D1E0D7-E5AC-4AAE-8AC0-A7E467D53B74}.Release|Any CPU.ActiveCfg = Release|Any CPU
		{74EEFAC4-6B04-4467-AB6D-0355AB067FD1}.Debug|Any CPU.ActiveCfg = Debug|Any CPU
		{74EEFAC4-6B04-4467-AB6D-0355AB067FD1}.Release|Any CPU.ActiveCfg = Release|Any CPU
		{F083E7C2-BF40-40AB-A21A-70ADD9FEF23F}.Debug|Any CPU.ActiveCfg = Debug|Any CPU
		{F083E7C2-BF40-40AB-A21A-70ADD9FEF23F}.Release|Any CPU.ActiveCfg = Release|Any CPU
		{E77CC293-89B4-48F7-AF23-5B93CAA34AF5}.Debug|Any CPU.ActiveCfg = Debug|Any CPU
		{E77CC293-89B4-48F7-AF23-5B93CAA34AF5}.Release|Any CPU.ActiveCfg = Release|Any CPU
		{1360B616-72E5-482D-969D-AA0F0812AE60}.Debug|Any CPU.ActiveCfg = Debug|Any CPU
		{1360B616-72E5-482D-969D-AA0F0812AE60}.Release|Any CPU.ActiveCfg = Release|Any CPU
		{7DC97D13-E6CA-47D4-826F-B064A7F1D949}.Debug|Any CPU.ActiveCfg = Debug|Any CPU
		{7DC97D13-E6CA-47D4-826F-B064A7F1D949}.Release|Any CPU.ActiveCfg = Release|Any CPU
		{EEB466B5-B21C-4162-B19E-776862AF529C}.Debug|Any CPU.ActiveCfg = Debug|Any CPU
		{EEB466B5-B21C-4162-B19E-776862AF529C}.Release|Any CPU.ActiveCfg = Release|Any CPU
		{78233905-8031-4E90-8289-DAFDAFCDC06A}.Debug|Any CPU.ActiveCfg = Debug|Any CPU
		{78233905-8031-4E90-8289-DAFDAFCDC06A}.Release|Any CPU.ActiveCfg = Release|Any CPU
		{C0059251-06D3-43B6-9F30-4C1531972E50}.Debug|Any CPU.ActiveCfg = Debug|Any CPU
		{C0059251-06D3-43B6-9F30-4C1531972E50}.Release|Any CPU.ActiveCfg = Release|Any CPU
		{0E7B7D51-EE35-46FB-97F4-1865CA9C561C}.Debug|Any CPU.ActiveCfg = Debug|Any CPU
		{0E7B7D51-EE35-46FB-97F4-1865CA9C561C}.Release|Any CPU.ActiveCfg = Release|Any CPU
		{C5586D8B-00F9-4430-B416-7F61308FB6F0}.Debug|Any CPU.ActiveCfg = Debug|Any CPU
		{C5586D8B-00F9-4430-B416-7F61308FB6F0}.Release|Any CPU.ActiveCfg = Release|Any CPU
		{03504C64-8311-4D5E-AAD4-ED30707787BB}.Debug|Any CPU.ActiveCfg = Debug|Any CPU
		{03504C64-8311-4D5E-AAD4-ED30707787BB}.Release|Any CPU.ActiveCfg = Release|Any CPU
		{78B188A3-4085-4B4D-8192-C7DB60879A77}.Debug|Any CPU.ActiveCfg = Debug|Any CPU
		{78B188A3-4085-4B4D-8192-C7DB60879A77}.Release|Any CPU.ActiveCfg = Release|Any CPU
		{1AB8EE27-6C2C-4992-BC3A-DEB3F4759D1B}.Debug|Any CPU.ActiveCfg = Debug|Any CPU
		{1AB8EE27-6C2C-4992-BC3A-DEB3F4759D1B}.Release|Any CPU.ActiveCfg = Release|Any CPU
		{A95CE4E6-239F-4A18-9B5B-47067B8250DE}.Debug|Any CPU.ActiveCfg = Debug|Any CPU
		{A95CE4E6-239F-4A18-9B5B-47067B8250DE}.Release|Any CPU.ActiveCfg = Release|Any CPU
		{852975AB-1D5D-4A0B-BD90-84781043AB86}.Debug|Any CPU.ActiveCfg = Debug|Any CPU
		{852975AB-1D5D-4A0B-BD90-84781043AB86}.Release|Any CPU.ActiveCfg = Release|Any CPU
		{DD830EAA-F5E4-4DA0-B70E-76877F0E02E7}.Debug|Any CPU.ActiveCfg = Debug|Any CPU
		{DD830EAA-F5E4-4DA0-B70E-76877F0E02E7}.Release|Any CPU.ActiveCfg = Release|Any CPU
		{4E1FD51C-1F67-46EF-98F4-28498424B409}.Debug|Any CPU.ActiveCfg = Debug|Any CPU
		{4E1FD51C-1F67-46EF-98F4-28498424B409}.Release|Any CPU.ActiveCfg = Release|Any CPU
		{74035C95-05F0-4473-BA16-C235F2AA61B4}.Debug|Any CPU.ActiveCfg = Debug|Any CPU
		{74035C95-05F0-4473-BA16-C235F2AA61B4}.Release|Any CPU.ActiveCfg = Release|Any CPU
		{2151AFFF-DF56-4BF2-9C06-8204EAEA25A5}.Debug|Any CPU.ActiveCfg = Debug|Any CPU
		{2151AFFF-DF56-4BF2-9C06-8204EAEA25A5}.Release|Any CPU.ActiveCfg = Release|Any CPU
		{D294688C-B83F-48D3-BB34-28A0D0C069BB}.Debug|Any CPU.ActiveCfg = Debug|Any CPU
		{D294688C-B83F-48D3-BB34-28A0D0C069BB}.Release|Any CPU.ActiveCfg = Release|Any CPU
		{CD57CA94-A270-47F2-A3E0-2B6C9F787FE7}.Debug|Any CPU.ActiveCfg = Debug|Any CPU
		{CD57CA94-A270-47F2-A3E0-2B6C9F787FE7}.Release|Any CPU.ActiveCfg = Release|Any CPU
		{90BAD826-68BB-4A2E-822C-E3EFCE4AC955}.Debug|Any CPU.ActiveCfg = Debug|Any CPU
		{90BAD826-68BB-4A2E-822C-E3EFCE4AC955}.Release|Any CPU.ActiveCfg = Release|Any CPU
		{C4D4791D-D70B-4F70-8D4B-5EC207AA5185}.Debug|Any CPU.ActiveCfg = Debug|Any CPU
		{C4D4791D-D70B-4F70-8D4B-5EC207AA5185}.Release|Any CPU.ActiveCfg = Release|Any CPU
		{19086F9E-1C80-4D61-9502-7B07BB23A978}.Debug|Any CPU.ActiveCfg = Debug|Any CPU
		{19086F9E-1C80-4D61-9502-7B07BB23A978}.Release|Any CPU.ActiveCfg = Release|Any CPU
		{947EDABD-889B-4ED2-B94C-8AA9A52DE143}.Debug|Any CPU.ActiveCfg = Debug|Any CPU
		{947EDABD-889B-4ED2-B94C-8AA9A52DE143}.Release|Any CPU.ActiveCfg = Release|Any CPU
		{DABD0F06-A9CF-44EB-A9DA-71C8C05C23D9}.Debug|Any CPU.ActiveCfg = Debug|Any CPU
		{DABD0F06-A9CF-44EB-A9DA-71C8C05C23D9}.Release|Any CPU.ActiveCfg = Release|Any CPU
		{BAEE2CCD-2D8E-454E-AE16-6D8229D0B421}.Debug|Any CPU.ActiveCfg = Debug|Any CPU
		{BAEE2CCD-2D8E-454E-AE16-6D8229D0B421}.Release|Any CPU.ActiveCfg = Release|Any CPU
		{39224B91-04B5-468D-B546-564E566112D8}.Debug|Any CPU.ActiveCfg = Debug|Any CPU
		{39224B91-04B5-468D-B546-564E566112D8}.Release|Any CPU.ActiveCfg = Release|Any CPU
		{949806D2-2C4D-4DE4-9133-AD275C78DEAE}.Debug|Any CPU.ActiveCfg = Debug|Any CPU
		{949806D2-2C4D-4DE4-9133-AD275C78DEAE}.Release|Any CPU.ActiveCfg = Release|Any CPU
		{BF83437E-CA89-42E0-9D40-331F05790389}.Debug|Any CPU.ActiveCfg = Debug|Any CPU
		{BF83437E-CA89-42E0-9D40-331F05790389}.Release|Any CPU.ActiveCfg = Release|Any CPU
	EndGlobalSection
	GlobalSection(SolutionProperties) = preSolution
		HideSolutionNode = FALSE
	EndGlobalSection
	GlobalSection(ExtensibilityGlobals) = postSolution
		SolutionGuid = {C0005335-70BB-48C1-8C55-981E66800964}
	EndGlobalSection
EndGlobal
